// !$*UTF8*$!
{
	archiveVersion = 1;
	classes = {
	};
	objectVersion = 46;
	objects = {

/* Begin PBXBuildFile section */
		37D145B91CAB332800B73728 /* AsterismDefines.h in Headers */ = {isa = PBXBuildFile; fileRef = 54EE9AA718D1DD0B0073C37B /* AsterismDefines.h */; settings = {ATTRIBUTES = (Public, ); }; };
		37D145BA1CAB332900B73728 /* AsterismDefines.h in Headers */ = {isa = PBXBuildFile; fileRef = 54EE9AA718D1DD0B0073C37B /* AsterismDefines.h */; settings = {ATTRIBUTES = (Public, ); }; };
		37D145BB1CAB332F00B73728 /* Asterism.h in Headers */ = {isa = PBXBuildFile; fileRef = 54D9EE6D1721543D00383762 /* Asterism.h */; settings = {ATTRIBUTES = (Public, ); }; };
		37D145BC1CAB335B00B73728 /* ASTAll.h in Headers */ = {isa = PBXBuildFile; fileRef = 54892BAA184AAEFD009CF268 /* ASTAll.h */; settings = {ATTRIBUTES = (Public, ); }; };
		37D145BD1CAB335B00B73728 /* ASTAny.h in Headers */ = {isa = PBXBuildFile; fileRef = 54892BAF184AB0F6009CF268 /* ASTAny.h */; settings = {ATTRIBUTES = (Public, ); }; };
		37D145BE1CAB335B00B73728 /* ASTDefaults.h in Headers */ = {isa = PBXBuildFile; fileRef = 54DDBE251837EB05002EAEB3 /* ASTDefaults.h */; settings = {ATTRIBUTES = (Public, ); }; };
		37D145BF1CAB335B00B73728 /* ASTDifference.h in Headers */ = {isa = PBXBuildFile; fileRef = 54FE96DC17704C7F006F40AC /* ASTDifference.h */; settings = {ATTRIBUTES = (Public, ); }; };
		37D145C01CAB335B00B73728 /* ASTEach.h in Headers */ = {isa = PBXBuildFile; fileRef = 54E1B64617215678008A2175 /* ASTEach.h */; settings = {ATTRIBUTES = (Public, ); }; };
		37D145C11CAB335B00B73728 /* ASTEmpty.h in Headers */ = {isa = PBXBuildFile; fileRef = 54AD1DF417AF31130001971C /* ASTEmpty.h */; settings = {ATTRIBUTES = (Public, ); }; };
		37D145C21CAB335B00B73728 /* ASTExtend.h in Headers */ = {isa = PBXBuildFile; fileRef = 54A13FCC184222F900CEC841 /* ASTExtend.h */; settings = {ATTRIBUTES = (Public, ); }; };
		37D145C31CAB335B00B73728 /* ASTFilter.h in Headers */ = {isa = PBXBuildFile; fileRef = 54E0ED73175A1ABD0076C6EA /* ASTFilter.h */; settings = {ATTRIBUTES = (Public, ); }; };
		37D145C41CAB335B00B73728 /* ASTFind.h in Headers */ = {isa = PBXBuildFile; fileRef = 5410F3EC177734E700124E45 /* ASTFind.h */; settings = {ATTRIBUTES = (Public, ); }; };
		37D145C51CAB335B00B73728 /* ASTFlatten.h in Headers */ = {isa = PBXBuildFile; fileRef = DCF5756C18427BE900F0989B /* ASTFlatten.h */; settings = {ATTRIBUTES = (Public, ); }; };
		37D145C61CAB335B00B73728 /* ASTGroupBy.h in Headers */ = {isa = PBXBuildFile; fileRef = 549DFB88175E4DD2005CAD4A /* ASTGroupBy.h */; settings = {ATTRIBUTES = (Public, ); }; };
		37D145C71CAB335B00B73728 /* ASTHead.h in Headers */ = {isa = PBXBuildFile; fileRef = 54E0ED69175A0D5B0076C6EA /* ASTHead.h */; settings = {ATTRIBUTES = (Public, ); }; };
		37D145C81CAB335B00B73728 /* ASTIndexBy.h in Headers */ = {isa = PBXBuildFile; fileRef = 54F4C5DC185C952200E897E7 /* ASTIndexBy.h */; settings = {ATTRIBUTES = (Public, ); }; };
		37D145C91CAB335B00B73728 /* ASTIndexOf.h in Headers */ = {isa = PBXBuildFile; fileRef = 54A140061842415300CEC841 /* ASTIndexOf.h */; settings = {ATTRIBUTES = (Public, ); }; };
		37D145CA1CAB335B00B73728 /* ASTIntersection.h in Headers */ = {isa = PBXBuildFile; fileRef = 54FE96EB17706265006F40AC /* ASTIntersection.h */; settings = {ATTRIBUTES = (Public, ); }; };
		37D145CB1CAB335B00B73728 /* ASTMap.h in Headers */ = {isa = PBXBuildFile; fileRef = 54CE84B9174D74E1006F960A /* ASTMap.h */; settings = {ATTRIBUTES = (Public, ); }; };
		37D145CC1CAB335B00B73728 /* ASTMinMax.h in Headers */ = {isa = PBXBuildFile; fileRef = 54A0BB2A175E5F5C001D06E2 /* ASTMinMax.h */; settings = {ATTRIBUTES = (Public, ); }; };
		37D145CD1CAB335B00B73728 /* ASTNegate.h in Headers */ = {isa = PBXBuildFile; fileRef = 549B7266175D07CF00E6A378 /* ASTNegate.h */; settings = {ATTRIBUTES = (Public, ); }; };
		37D145CE1CAB335B00B73728 /* ASTPick.h in Headers */ = {isa = PBXBuildFile; fileRef = 5474241E1872FFF6006B190F /* ASTPick.h */; settings = {ATTRIBUTES = (Public, ); }; };
		37D145CF1CAB335B00B73728 /* ASTPluck.h in Headers */ = {isa = PBXBuildFile; fileRef = 54A72CBD175D0F4F00D9A05E /* ASTPluck.h */; settings = {ATTRIBUTES = (Public, ); }; };
		37D145D01CAB335B00B73728 /* ASTReduce.h in Headers */ = {isa = PBXBuildFile; fileRef = 542C1CB617520F560013D41E /* ASTReduce.h */; settings = {ATTRIBUTES = (Public, ); }; };
		37D145D11CAB335B00B73728 /* ASTReject.h in Headers */ = {isa = PBXBuildFile; fileRef = 549B7262175CFE6700E6A378 /* ASTReject.h */; settings = {ATTRIBUTES = (Public, ); }; };
		37D145D21CAB335B00B73728 /* ASTShuffle.h in Headers */ = {isa = PBXBuildFile; fileRef = 54289FDF18AA3B8200681E49 /* ASTShuffle.h */; settings = {ATTRIBUTES = (Public, ); }; };
		37D145D31CAB335B00B73728 /* ASTSize.h in Headers */ = {isa = PBXBuildFile; fileRef = 5484EEA918533FF0000B4D04 /* ASTSize.h */; settings = {ATTRIBUTES = (Public, ); }; };
		37D145D41CAB335B00B73728 /* ASTSort.h in Headers */ = {isa = PBXBuildFile; fileRef = 5481CD9118E1911500342C59 /* ASTSort.h */; settings = {ATTRIBUTES = (Public, ); }; };
		37D145D51CAB335B00B73728 /* ASTTail.h in Headers */ = {isa = PBXBuildFile; fileRef = 54E0ED6E175A0FAC0076C6EA /* ASTTail.h */; settings = {ATTRIBUTES = (Public, ); }; };
		37D145D61CAB335B00B73728 /* ASTUnion.h in Headers */ = {isa = PBXBuildFile; fileRef = 54FE96E1177053FE006F40AC /* ASTUnion.h */; settings = {ATTRIBUTES = (Public, ); }; };
		37D145D71CAB335B00B73728 /* ASTWithout.h in Headers */ = {isa = PBXBuildFile; fileRef = 545059C1186274E100A062D9 /* ASTWithout.h */; settings = {ATTRIBUTES = (Public, ); }; };
		37D145D81CAB336900B73728 /* ASTAll.m in Sources */ = {isa = PBXBuildFile; fileRef = 54892BAB184AAEFD009CF268 /* ASTAll.m */; };
		37D145D91CAB336900B73728 /* ASTAny.m in Sources */ = {isa = PBXBuildFile; fileRef = 54892BB0184AB0F6009CF268 /* ASTAny.m */; };
		37D145DA1CAB336900B73728 /* ASTDefaults.m in Sources */ = {isa = PBXBuildFile; fileRef = 54DDBE261837EB05002EAEB3 /* ASTDefaults.m */; };
		37D145DB1CAB336900B73728 /* ASTDifference.m in Sources */ = {isa = PBXBuildFile; fileRef = 54FE96DD17704C7F006F40AC /* ASTDifference.m */; };
		37D145DC1CAB336900B73728 /* ASTEach.m in Sources */ = {isa = PBXBuildFile; fileRef = 54E1B64717215678008A2175 /* ASTEach.m */; };
		37D145DD1CAB336900B73728 /* ASTEmpty.m in Sources */ = {isa = PBXBuildFile; fileRef = 54AD1DF517AF31130001971C /* ASTEmpty.m */; };
		37D145DE1CAB336900B73728 /* ASTExtend.m in Sources */ = {isa = PBXBuildFile; fileRef = 54A13FCD184222F900CEC841 /* ASTExtend.m */; };
		37D145DF1CAB336900B73728 /* ASTFilter.m in Sources */ = {isa = PBXBuildFile; fileRef = 54E0ED74175A1ABD0076C6EA /* ASTFilter.m */; };
		37D145E01CAB336900B73728 /* ASTFind.m in Sources */ = {isa = PBXBuildFile; fileRef = 5410F3ED177734E700124E45 /* ASTFind.m */; };
		37D145E11CAB336900B73728 /* ASTFlatten.m in Sources */ = {isa = PBXBuildFile; fileRef = DCF5756D18427BE900F0989B /* ASTFlatten.m */; };
		37D145E21CAB336900B73728 /* ASTGroupBy.m in Sources */ = {isa = PBXBuildFile; fileRef = 549DFB89175E4DD2005CAD4A /* ASTGroupBy.m */; };
		37D145E31CAB336900B73728 /* ASTHead.m in Sources */ = {isa = PBXBuildFile; fileRef = 54E0ED6A175A0D5B0076C6EA /* ASTHead.m */; };
		37D145E41CAB336900B73728 /* ASTIndexBy.m in Sources */ = {isa = PBXBuildFile; fileRef = 54F4C5DD185C952200E897E7 /* ASTIndexBy.m */; };
		37D145E51CAB336900B73728 /* ASTIndexOf.m in Sources */ = {isa = PBXBuildFile; fileRef = 54A140071842415300CEC841 /* ASTIndexOf.m */; };
		37D145E61CAB336900B73728 /* ASTIntersection.m in Sources */ = {isa = PBXBuildFile; fileRef = 54FE96EC17706265006F40AC /* ASTIntersection.m */; };
		37D145E71CAB336900B73728 /* ASTMap.m in Sources */ = {isa = PBXBuildFile; fileRef = 54CE84BA174D74E1006F960A /* ASTMap.m */; };
		37D145E81CAB336900B73728 /* ASTMinMax.m in Sources */ = {isa = PBXBuildFile; fileRef = 54A0BB2B175E5F5C001D06E2 /* ASTMinMax.m */; };
		37D145E91CAB336900B73728 /* ASTNegate.m in Sources */ = {isa = PBXBuildFile; fileRef = 549B7267175D07CF00E6A378 /* ASTNegate.m */; };
		37D145EA1CAB336900B73728 /* ASTPick.m in Sources */ = {isa = PBXBuildFile; fileRef = 5474241F1872FFF6006B190F /* ASTPick.m */; };
		37D145EB1CAB336900B73728 /* ASTPluck.m in Sources */ = {isa = PBXBuildFile; fileRef = 54A72CBE175D0F4F00D9A05E /* ASTPluck.m */; };
		37D145EC1CAB336900B73728 /* ASTReduce.m in Sources */ = {isa = PBXBuildFile; fileRef = 542C1CB717520F560013D41E /* ASTReduce.m */; };
		37D145ED1CAB336900B73728 /* ASTReject.m in Sources */ = {isa = PBXBuildFile; fileRef = 549B7263175CFE6700E6A378 /* ASTReject.m */; };
		37D145EE1CAB336900B73728 /* ASTShuffle.m in Sources */ = {isa = PBXBuildFile; fileRef = 54289FE018AA3B8200681E49 /* ASTShuffle.m */; };
		37D145EF1CAB336900B73728 /* ASTSize.m in Sources */ = {isa = PBXBuildFile; fileRef = 5484EEAA18533FF0000B4D04 /* ASTSize.m */; };
		37D145F01CAB336900B73728 /* ASTSort.m in Sources */ = {isa = PBXBuildFile; fileRef = 5481CD9218E1911500342C59 /* ASTSort.m */; };
		37D145F11CAB336900B73728 /* ASTTail.m in Sources */ = {isa = PBXBuildFile; fileRef = 54E0ED6F175A0FAC0076C6EA /* ASTTail.m */; };
		37D145F21CAB336900B73728 /* ASTUnion.m in Sources */ = {isa = PBXBuildFile; fileRef = 54FE96E2177053FE006F40AC /* ASTUnion.m */; };
		37D145F31CAB336900B73728 /* ASTWithout.m in Sources */ = {isa = PBXBuildFile; fileRef = 545059C2186274E100A062D9 /* ASTWithout.m */; };
		37D146001CAB351D00B73728 /* InfoPlist.strings in Resources */ = {isa = PBXBuildFile; fileRef = 54D9EE821721543D00383762 /* InfoPlist.strings */; };
		37D146041CAB65E800B73728 /* XCTest.framework in Frameworks */ = {isa = PBXBuildFile; fileRef = 54E002BB18C920F600B66BC3 /* XCTest.framework */; };
		37D146171CAB6DEA00B73728 /* Foundation.framework in Frameworks */ = {isa = PBXBuildFile; fileRef = 54E002A918C920F600B66BC3 /* Foundation.framework */; };
		37D146181CAB719600B73728 /* ASTAnySpec.m in Sources */ = {isa = PBXBuildFile; fileRef = 54892BB2184AB268009CF268 /* ASTAnySpec.m */; };
		37D146191CAB719700B73728 /* ASTAnySpec.m in Sources */ = {isa = PBXBuildFile; fileRef = 54892BB2184AB268009CF268 /* ASTAnySpec.m */; };
		37D1461A1CAB71B000B73728 /* ASTDefaultsSpec.m in Sources */ = {isa = PBXBuildFile; fileRef = 5424E956183D80E800E4EC51 /* ASTDefaultsSpec.m */; };
		37D1461B1CAB71B100B73728 /* ASTDefaultsSpec.m in Sources */ = {isa = PBXBuildFile; fileRef = 5424E956183D80E800E4EC51 /* ASTDefaultsSpec.m */; };
		37D1461C1CAB71E000B73728 /* ASTDifferenceSpec.m in Sources */ = {isa = PBXBuildFile; fileRef = 54FE96DF17704FF7006F40AC /* ASTDifferenceSpec.m */; };
		37D1461D1CAB71E100B73728 /* ASTDifferenceSpec.m in Sources */ = {isa = PBXBuildFile; fileRef = 54FE96DF17704FF7006F40AC /* ASTDifferenceSpec.m */; };
		37D1461E1CAB720B00B73728 /* ASTEachSpec.m in Sources */ = {isa = PBXBuildFile; fileRef = 54E1B64917215783008A2175 /* ASTEachSpec.m */; };
		37D1461F1CAB720C00B73728 /* ASTEachSpec.m in Sources */ = {isa = PBXBuildFile; fileRef = 54E1B64917215783008A2175 /* ASTEachSpec.m */; };
		37D146201CAB735400B73728 /* ASTEmptySpec.m in Sources */ = {isa = PBXBuildFile; fileRef = 54AD1DF717AF31FD0001971C /* ASTEmptySpec.m */; };
		37D146211CAB735500B73728 /* ASTEmptySpec.m in Sources */ = {isa = PBXBuildFile; fileRef = 54AD1DF717AF31FD0001971C /* ASTEmptySpec.m */; };
		37D146221CAB736F00B73728 /* ASTExtendSpec.m in Sources */ = {isa = PBXBuildFile; fileRef = 54A13FCF1842277300CEC841 /* ASTExtendSpec.m */; };
		37D146231CAB736F00B73728 /* ASTExtendSpec.m in Sources */ = {isa = PBXBuildFile; fileRef = 54A13FCF1842277300CEC841 /* ASTExtendSpec.m */; };
		37D146241CAB738A00B73728 /* ASTFilterSpec.m in Sources */ = {isa = PBXBuildFile; fileRef = 54A7FD42175CE45D004A7541 /* ASTFilterSpec.m */; };
		37D146251CAB738B00B73728 /* ASTFilterSpec.m in Sources */ = {isa = PBXBuildFile; fileRef = 54A7FD42175CE45D004A7541 /* ASTFilterSpec.m */; };
		37D146261CAB73CF00B73728 /* ASTFindSpec.m in Sources */ = {isa = PBXBuildFile; fileRef = 54CA8D1B1777396E001BCD9F /* ASTFindSpec.m */; };
		37D146271CAB73D000B73728 /* ASTFindSpec.m in Sources */ = {isa = PBXBuildFile; fileRef = 54CA8D1B1777396E001BCD9F /* ASTFindSpec.m */; };
		37D146281CAB741A00B73728 /* ASTFlattenSpec.m in Sources */ = {isa = PBXBuildFile; fileRef = DCF5757018427F5200F0989B /* ASTFlattenSpec.m */; };
		37D146291CAB741B00B73728 /* ASTFlattenSpec.m in Sources */ = {isa = PBXBuildFile; fileRef = DCF5757018427F5200F0989B /* ASTFlattenSpec.m */; };
		37D1462A1CAB743A00B73728 /* ASTGroupBySpec.m in Sources */ = {isa = PBXBuildFile; fileRef = 549DFB8D175E5526005CAD4A /* ASTGroupBySpec.m */; };
		37D1462B1CAB743B00B73728 /* ASTGroupBySpec.m in Sources */ = {isa = PBXBuildFile; fileRef = 549DFB8D175E5526005CAD4A /* ASTGroupBySpec.m */; };
		37D1462C1CAB74DE00B73728 /* ASTHeadSpec.m in Sources */ = {isa = PBXBuildFile; fileRef = 54E0ED6C175A0DF00076C6EA /* ASTHeadSpec.m */; };
		37D1462D1CAB74DF00B73728 /* ASTHeadSpec.m in Sources */ = {isa = PBXBuildFile; fileRef = 54E0ED6C175A0DF00076C6EA /* ASTHeadSpec.m */; };
		37D1462E1CAB752400B73728 /* ASTIndexBySpec.m in Sources */ = {isa = PBXBuildFile; fileRef = 54FB520718BBA7B8005DEB38 /* ASTIndexBySpec.m */; };
		37D1462F1CAB752400B73728 /* ASTIndexBySpec.m in Sources */ = {isa = PBXBuildFile; fileRef = 54FB520718BBA7B8005DEB38 /* ASTIndexBySpec.m */; };
		37D146301CAC232100B73728 /* ASTIntersectionSpec.m in Sources */ = {isa = PBXBuildFile; fileRef = 54FE96EE177068B2006F40AC /* ASTIntersectionSpec.m */; };
		37D146311CAC232200B73728 /* ASTIntersectionSpec.m in Sources */ = {isa = PBXBuildFile; fileRef = 54FE96EE177068B2006F40AC /* ASTIntersectionSpec.m */; };
		37D146321CAC23BA00B73728 /* ASTMapSpec.m in Sources */ = {isa = PBXBuildFile; fileRef = 54CE84BC174D78C0006F960A /* ASTMapSpec.m */; };
		37D146331CAC23BB00B73728 /* ASTMapSpec.m in Sources */ = {isa = PBXBuildFile; fileRef = 54CE84BC174D78C0006F960A /* ASTMapSpec.m */; };
		37D146341CAC243600B73728 /* ASTMinMaxSpec.m in Sources */ = {isa = PBXBuildFile; fileRef = 54A0BB2D175E647E001D06E2 /* ASTMinMaxSpec.m */; };
		37D146351CAC243800B73728 /* ASTMinMaxSpec.m in Sources */ = {isa = PBXBuildFile; fileRef = 54A0BB2D175E647E001D06E2 /* ASTMinMaxSpec.m */; };
		37D146361CAC248F00B73728 /* ASTNegateSpec.m in Sources */ = {isa = PBXBuildFile; fileRef = 549B726B175D097100E6A378 /* ASTNegateSpec.m */; };
		37D146371CAC249000B73728 /* ASTNegateSpec.m in Sources */ = {isa = PBXBuildFile; fileRef = 549B726B175D097100E6A378 /* ASTNegateSpec.m */; };
		37D146381CAC253B00B73728 /* ASTPickSpec.m in Sources */ = {isa = PBXBuildFile; fileRef = DCFF2F7418B55A04001365BF /* ASTPickSpec.m */; };
		37D146391CAC253D00B73728 /* ASTPickSpec.m in Sources */ = {isa = PBXBuildFile; fileRef = DCFF2F7418B55A04001365BF /* ASTPickSpec.m */; };
		37D1463A1CAC254700B73728 /* ASTPluckSpec.m in Sources */ = {isa = PBXBuildFile; fileRef = 54A72CC0175D0FD400D9A05E /* ASTPluckSpec.m */; };
		37D1463B1CAC254700B73728 /* ASTPluckSpec.m in Sources */ = {isa = PBXBuildFile; fileRef = 54A72CC0175D0FD400D9A05E /* ASTPluckSpec.m */; };
		37D1463C1CAC254E00B73728 /* ASTReduceSpec.m in Sources */ = {isa = PBXBuildFile; fileRef = 542C1CB9175214B90013D41E /* ASTReduceSpec.m */; };
		37D1463D1CAC254F00B73728 /* ASTReduceSpec.m in Sources */ = {isa = PBXBuildFile; fileRef = 542C1CB9175214B90013D41E /* ASTReduceSpec.m */; };
		37D1463E1CAC257300B73728 /* ASTRejectSpec.m in Sources */ = {isa = PBXBuildFile; fileRef = 549B7269175D08E400E6A378 /* ASTRejectSpec.m */; };
		37D1463F1CAC257400B73728 /* ASTRejectSpec.m in Sources */ = {isa = PBXBuildFile; fileRef = 549B7269175D08E400E6A378 /* ASTRejectSpec.m */; };
		37D146401CAC258000B73728 /* ASTSizeSpec.m in Sources */ = {isa = PBXBuildFile; fileRef = 5484EEAC1854C6AF000B4D04 /* ASTSizeSpec.m */; };
		37D146411CAC258100B73728 /* ASTSizeSpec.m in Sources */ = {isa = PBXBuildFile; fileRef = 5484EEAC1854C6AF000B4D04 /* ASTSizeSpec.m */; };
		37D146421CAC269700B73728 /* ASTSortSpec.m in Sources */ = {isa = PBXBuildFile; fileRef = 5481CD9618E1938500342C59 /* ASTSortSpec.m */; };
		37D146431CAC269800B73728 /* ASTSortSpec.m in Sources */ = {isa = PBXBuildFile; fileRef = 5481CD9618E1938500342C59 /* ASTSortSpec.m */; };
		37D146441CAC269E00B73728 /* ASTShuffleSpec.m in Sources */ = {isa = PBXBuildFile; fileRef = 546C0F4718B03AC200D84A7E /* ASTShuffleSpec.m */; };
		37D146451CAC269F00B73728 /* ASTShuffleSpec.m in Sources */ = {isa = PBXBuildFile; fileRef = 546C0F4718B03AC200D84A7E /* ASTShuffleSpec.m */; };
		37D146461CAC26E800B73728 /* ASTTailSpec.m in Sources */ = {isa = PBXBuildFile; fileRef = 54E0ED71175A146B0076C6EA /* ASTTailSpec.m */; };
		37D146471CAC26E900B73728 /* ASTTailSpec.m in Sources */ = {isa = PBXBuildFile; fileRef = 54E0ED71175A146B0076C6EA /* ASTTailSpec.m */; };
		37D146481CAC26F300B73728 /* ASTUnionSpec.m in Sources */ = {isa = PBXBuildFile; fileRef = 54FE96E417705560006F40AC /* ASTUnionSpec.m */; };
		37D146491CAC26F400B73728 /* ASTUnionSpec.m in Sources */ = {isa = PBXBuildFile; fileRef = 54FE96E417705560006F40AC /* ASTUnionSpec.m */; };
		37D1464A1CAC273400B73728 /* ASTWithoutSpec.m in Sources */ = {isa = PBXBuildFile; fileRef = 545059C41862763500A062D9 /* ASTWithoutSpec.m */; };
		37D1464B1CAC273500B73728 /* ASTWithoutSpec.m in Sources */ = {isa = PBXBuildFile; fileRef = 545059C41862763500A062D9 /* ASTWithoutSpec.m */; };
		37D1464C1CAC2B0000B73728 /* ASTIndexOfSpec.m in Sources */ = {isa = PBXBuildFile; fileRef = 54A140091842439100CEC841 /* ASTIndexOfSpec.m */; };
		37D1464D1CAC2B0100B73728 /* ASTIndexOfSpec.m in Sources */ = {isa = PBXBuildFile; fileRef = 54A140091842439100CEC841 /* ASTIndexOfSpec.m */; };
		5481CD9318E1911500342C59 /* ASTSort.h in Headers */ = {isa = PBXBuildFile; fileRef = 5481CD9118E1911500342C59 /* ASTSort.h */; settings = {ATTRIBUTES = (Public, ); }; };
		5481CD9518E1911500342C59 /* ASTSort.m in Sources */ = {isa = PBXBuildFile; fileRef = 5481CD9218E1911500342C59 /* ASTSort.m */; };
		54892BAE184AAFFE009CF268 /* ASTAllSpec.m in Sources */ = {isa = PBXBuildFile; fileRef = 54892BAD184AAFFE009CF268 /* ASTAllSpec.m */; };
		54D9EE7B1721543D00383762 /* Foundation.framework in Frameworks */ = {isa = PBXBuildFile; fileRef = 54D9EE681721543D00383762 /* Foundation.framework */; };
		54D9EE841721543D00383762 /* InfoPlist.strings in Resources */ = {isa = PBXBuildFile; fileRef = 54D9EE821721543D00383762 /* InfoPlist.strings */; };
		54E002D118C9217400B66BC3 /* ASTAll.m in Sources */ = {isa = PBXBuildFile; fileRef = 54892BAB184AAEFD009CF268 /* ASTAll.m */; };
		54E002D218C9217400B66BC3 /* ASTAny.m in Sources */ = {isa = PBXBuildFile; fileRef = 54892BB0184AB0F6009CF268 /* ASTAny.m */; };
		54E002D318C9217400B66BC3 /* ASTDefaults.m in Sources */ = {isa = PBXBuildFile; fileRef = 54DDBE261837EB05002EAEB3 /* ASTDefaults.m */; };
		54E002D418C9217400B66BC3 /* ASTDifference.m in Sources */ = {isa = PBXBuildFile; fileRef = 54FE96DD17704C7F006F40AC /* ASTDifference.m */; };
		54E002D518C9217400B66BC3 /* ASTEach.m in Sources */ = {isa = PBXBuildFile; fileRef = 54E1B64717215678008A2175 /* ASTEach.m */; };
		54E002D618C9217400B66BC3 /* ASTEmpty.m in Sources */ = {isa = PBXBuildFile; fileRef = 54AD1DF517AF31130001971C /* ASTEmpty.m */; };
		54E002D718C9217400B66BC3 /* ASTExtend.m in Sources */ = {isa = PBXBuildFile; fileRef = 54A13FCD184222F900CEC841 /* ASTExtend.m */; };
		54E002D818C9217400B66BC3 /* ASTFilter.m in Sources */ = {isa = PBXBuildFile; fileRef = 54E0ED74175A1ABD0076C6EA /* ASTFilter.m */; };
		54E002D918C9217400B66BC3 /* ASTFind.m in Sources */ = {isa = PBXBuildFile; fileRef = 5410F3ED177734E700124E45 /* ASTFind.m */; };
		54E002DA18C9217400B66BC3 /* ASTFlatten.m in Sources */ = {isa = PBXBuildFile; fileRef = DCF5756D18427BE900F0989B /* ASTFlatten.m */; };
		54E002DB18C9217400B66BC3 /* ASTGroupBy.m in Sources */ = {isa = PBXBuildFile; fileRef = 549DFB89175E4DD2005CAD4A /* ASTGroupBy.m */; };
		54E002DC18C9217400B66BC3 /* ASTHead.m in Sources */ = {isa = PBXBuildFile; fileRef = 54E0ED6A175A0D5B0076C6EA /* ASTHead.m */; };
		54E002DD18C9217400B66BC3 /* ASTIndexBy.m in Sources */ = {isa = PBXBuildFile; fileRef = 54F4C5DD185C952200E897E7 /* ASTIndexBy.m */; };
		54E002DE18C9217400B66BC3 /* ASTIndexOf.m in Sources */ = {isa = PBXBuildFile; fileRef = 54A140071842415300CEC841 /* ASTIndexOf.m */; };
		54E002DF18C9217400B66BC3 /* ASTIntersection.m in Sources */ = {isa = PBXBuildFile; fileRef = 54FE96EC17706265006F40AC /* ASTIntersection.m */; };
		54E002E018C9217400B66BC3 /* ASTMap.m in Sources */ = {isa = PBXBuildFile; fileRef = 54CE84BA174D74E1006F960A /* ASTMap.m */; };
		54E002E118C9217400B66BC3 /* ASTMinMax.m in Sources */ = {isa = PBXBuildFile; fileRef = 54A0BB2B175E5F5C001D06E2 /* ASTMinMax.m */; };
		54E002E218C9217400B66BC3 /* ASTNegate.m in Sources */ = {isa = PBXBuildFile; fileRef = 549B7267175D07CF00E6A378 /* ASTNegate.m */; };
		54E002E318C9217400B66BC3 /* ASTPick.m in Sources */ = {isa = PBXBuildFile; fileRef = 5474241F1872FFF6006B190F /* ASTPick.m */; };
		54E002E418C9217400B66BC3 /* ASTPluck.m in Sources */ = {isa = PBXBuildFile; fileRef = 54A72CBE175D0F4F00D9A05E /* ASTPluck.m */; };
		54E002E518C9217400B66BC3 /* ASTReduce.m in Sources */ = {isa = PBXBuildFile; fileRef = 542C1CB717520F560013D41E /* ASTReduce.m */; };
		54E002E618C9217400B66BC3 /* ASTReject.m in Sources */ = {isa = PBXBuildFile; fileRef = 549B7263175CFE6700E6A378 /* ASTReject.m */; };
		54E002E718C9217400B66BC3 /* ASTShuffle.m in Sources */ = {isa = PBXBuildFile; fileRef = 54289FE018AA3B8200681E49 /* ASTShuffle.m */; };
		54E002E818C9217400B66BC3 /* ASTSize.m in Sources */ = {isa = PBXBuildFile; fileRef = 5484EEAA18533FF0000B4D04 /* ASTSize.m */; };
		54E002E918C9217400B66BC3 /* ASTTail.m in Sources */ = {isa = PBXBuildFile; fileRef = 54E0ED6F175A0FAC0076C6EA /* ASTTail.m */; };
		54E002EA18C9217400B66BC3 /* ASTUnion.m in Sources */ = {isa = PBXBuildFile; fileRef = 54FE96E2177053FE006F40AC /* ASTUnion.m */; };
		54E002EB18C9217400B66BC3 /* ASTWithout.m in Sources */ = {isa = PBXBuildFile; fileRef = 545059C2186274E100A062D9 /* ASTWithout.m */; };
		54E002EC18C9217800B66BC3 /* Asterism.h in Headers */ = {isa = PBXBuildFile; fileRef = 54D9EE6D1721543D00383762 /* Asterism.h */; settings = {ATTRIBUTES = (Public, ); }; };
		54E002EE18C921A500B66BC3 /* ASTAll.h in Headers */ = {isa = PBXBuildFile; fileRef = 54892BAA184AAEFD009CF268 /* ASTAll.h */; settings = {ATTRIBUTES = (Public, ); }; };
		54E002EF18C921A500B66BC3 /* ASTAny.h in Headers */ = {isa = PBXBuildFile; fileRef = 54892BAF184AB0F6009CF268 /* ASTAny.h */; settings = {ATTRIBUTES = (Public, ); }; };
		54E002F018C921A500B66BC3 /* ASTDefaults.h in Headers */ = {isa = PBXBuildFile; fileRef = 54DDBE251837EB05002EAEB3 /* ASTDefaults.h */; settings = {ATTRIBUTES = (Public, ); }; };
		54E002F118C921A500B66BC3 /* ASTDifference.h in Headers */ = {isa = PBXBuildFile; fileRef = 54FE96DC17704C7F006F40AC /* ASTDifference.h */; settings = {ATTRIBUTES = (Public, ); }; };
		54E002F218C921A500B66BC3 /* ASTEach.h in Headers */ = {isa = PBXBuildFile; fileRef = 54E1B64617215678008A2175 /* ASTEach.h */; settings = {ATTRIBUTES = (Public, ); }; };
		54E002F318C921A500B66BC3 /* ASTEmpty.h in Headers */ = {isa = PBXBuildFile; fileRef = 54AD1DF417AF31130001971C /* ASTEmpty.h */; settings = {ATTRIBUTES = (Public, ); }; };
		54E002F418C921A500B66BC3 /* ASTExtend.h in Headers */ = {isa = PBXBuildFile; fileRef = 54A13FCC184222F900CEC841 /* ASTExtend.h */; settings = {ATTRIBUTES = (Public, ); }; };
		54E002F518C921A500B66BC3 /* ASTFilter.h in Headers */ = {isa = PBXBuildFile; fileRef = 54E0ED73175A1ABD0076C6EA /* ASTFilter.h */; settings = {ATTRIBUTES = (Public, ); }; };
		54E002F618C921A500B66BC3 /* ASTFind.h in Headers */ = {isa = PBXBuildFile; fileRef = 5410F3EC177734E700124E45 /* ASTFind.h */; settings = {ATTRIBUTES = (Public, ); }; };
		54E002F718C921A500B66BC3 /* ASTFlatten.h in Headers */ = {isa = PBXBuildFile; fileRef = DCF5756C18427BE900F0989B /* ASTFlatten.h */; settings = {ATTRIBUTES = (Public, ); }; };
		54E002F818C921A500B66BC3 /* ASTGroupBy.h in Headers */ = {isa = PBXBuildFile; fileRef = 549DFB88175E4DD2005CAD4A /* ASTGroupBy.h */; settings = {ATTRIBUTES = (Public, ); }; };
		54E002F918C921A500B66BC3 /* ASTHead.h in Headers */ = {isa = PBXBuildFile; fileRef = 54E0ED69175A0D5B0076C6EA /* ASTHead.h */; settings = {ATTRIBUTES = (Public, ); }; };
		54E002FA18C921A500B66BC3 /* ASTIndexBy.h in Headers */ = {isa = PBXBuildFile; fileRef = 54F4C5DC185C952200E897E7 /* ASTIndexBy.h */; settings = {ATTRIBUTES = (Public, ); }; };
		54E002FB18C921A500B66BC3 /* ASTIndexOf.h in Headers */ = {isa = PBXBuildFile; fileRef = 54A140061842415300CEC841 /* ASTIndexOf.h */; settings = {ATTRIBUTES = (Public, ); }; };
		54E002FC18C921A500B66BC3 /* ASTIntersection.h in Headers */ = {isa = PBXBuildFile; fileRef = 54FE96EB17706265006F40AC /* ASTIntersection.h */; settings = {ATTRIBUTES = (Public, ); }; };
		54E002FD18C921A500B66BC3 /* ASTMap.h in Headers */ = {isa = PBXBuildFile; fileRef = 54CE84B9174D74E1006F960A /* ASTMap.h */; settings = {ATTRIBUTES = (Public, ); }; };
		54E002FE18C921A500B66BC3 /* ASTMinMax.h in Headers */ = {isa = PBXBuildFile; fileRef = 54A0BB2A175E5F5C001D06E2 /* ASTMinMax.h */; settings = {ATTRIBUTES = (Public, ); }; };
		54E002FF18C921A500B66BC3 /* ASTNegate.h in Headers */ = {isa = PBXBuildFile; fileRef = 549B7266175D07CF00E6A378 /* ASTNegate.h */; settings = {ATTRIBUTES = (Public, ); }; };
		54E0030018C921A500B66BC3 /* ASTPick.h in Headers */ = {isa = PBXBuildFile; fileRef = 5474241E1872FFF6006B190F /* ASTPick.h */; settings = {ATTRIBUTES = (Public, ); }; };
		54E0030118C921A500B66BC3 /* ASTPluck.h in Headers */ = {isa = PBXBuildFile; fileRef = 54A72CBD175D0F4F00D9A05E /* ASTPluck.h */; settings = {ATTRIBUTES = (Public, ); }; };
		54E0030218C921A500B66BC3 /* ASTReduce.h in Headers */ = {isa = PBXBuildFile; fileRef = 542C1CB617520F560013D41E /* ASTReduce.h */; settings = {ATTRIBUTES = (Public, ); }; };
		54E0030318C921A500B66BC3 /* ASTReject.h in Headers */ = {isa = PBXBuildFile; fileRef = 549B7262175CFE6700E6A378 /* ASTReject.h */; settings = {ATTRIBUTES = (Public, ); }; };
		54E0030418C921A500B66BC3 /* ASTShuffle.h in Headers */ = {isa = PBXBuildFile; fileRef = 54289FDF18AA3B8200681E49 /* ASTShuffle.h */; settings = {ATTRIBUTES = (Public, ); }; };
		54E0030518C921A500B66BC3 /* ASTSize.h in Headers */ = {isa = PBXBuildFile; fileRef = 5484EEA918533FF0000B4D04 /* ASTSize.h */; settings = {ATTRIBUTES = (Public, ); }; };
		54E0030618C921A500B66BC3 /* ASTTail.h in Headers */ = {isa = PBXBuildFile; fileRef = 54E0ED6E175A0FAC0076C6EA /* ASTTail.h */; settings = {ATTRIBUTES = (Public, ); }; };
		54E0030718C921A500B66BC3 /* ASTUnion.h in Headers */ = {isa = PBXBuildFile; fileRef = 54FE96E1177053FE006F40AC /* ASTUnion.h */; settings = {ATTRIBUTES = (Public, ); }; };
		54E0030818C921A500B66BC3 /* ASTWithout.h in Headers */ = {isa = PBXBuildFile; fileRef = 545059C1186274E100A062D9 /* ASTWithout.h */; settings = {ATTRIBUTES = (Public, ); }; };
		54E0030A18C922EF00B66BC3 /* Asterism.framework in Frameworks */ = {isa = PBXBuildFile; fileRef = 54E002A518C920F600B66BC3 /* Asterism.framework */; };
		54E0030B18C925F700B66BC3 /* ASTAllSpec.m in Sources */ = {isa = PBXBuildFile; fileRef = 54892BAD184AAFFE009CF268 /* ASTAllSpec.m */; };
/* End PBXBuildFile section */

/* Begin PBXContainerItemProxy section */
		37D146151CAB6DD100B73728 /* PBXContainerItemProxy */ = {
			isa = PBXContainerItemProxy;
			containerPortal = 54D9EE5D1721543D00383762 /* Project object */;
			proxyType = 1;
			remoteGlobalIDString = 37D145B01CAB31DB00B73728;
			remoteInfo = "Asterism-iOS";
		};
		54E002BE18C920F600B66BC3 /* PBXContainerItemProxy */ = {
			isa = PBXContainerItemProxy;
			containerPortal = 54D9EE5D1721543D00383762 /* Project object */;
			proxyType = 1;
			remoteGlobalIDString = 54E002A418C920F600B66BC3;
			remoteInfo = "Asterism-Mac";
		};
/* End PBXContainerItemProxy section */

/* Begin PBXCopyFilesBuildPhase section */
		37D145FC1CAB34B300B73728 /* CopyFiles */ = {
			isa = PBXCopyFilesBuildPhase;
			buildActionMask = 2147483647;
			dstPath = "";
			dstSubfolderSpec = 10;
			files = (
			);
			runOnlyForDeploymentPostprocessing = 0;
		};
		37D146011CAB352F00B73728 /* CopyFiles */ = {
			isa = PBXCopyFilesBuildPhase;
			buildActionMask = 2147483647;
			dstPath = "";
			dstSubfolderSpec = 10;
			files = (
			);
			runOnlyForDeploymentPostprocessing = 0;
		};
/* End PBXCopyFilesBuildPhase section */

/* Begin PBXFileReference section */
		37D145B11CAB31DB00B73728 /* Asterism.framework */ = {isa = PBXFileReference; explicitFileType = wrapper.framework; includeInIndex = 0; path = Asterism.framework; sourceTree = BUILT_PRODUCTS_DIR; };
		37D145F41CAB346500B73728 /* Nimble.framework */ = {isa = PBXFileReference; lastKnownFileType = wrapper.framework; name = Nimble.framework; path = Carthage/Build/iOS/Nimble.framework; sourceTree = "<group>"; };
		37D145F61CAB346E00B73728 /* Quick.framework */ = {isa = PBXFileReference; lastKnownFileType = wrapper.framework; name = Quick.framework; path = Carthage/Build/iOS/Quick.framework; sourceTree = "<group>"; };
		37D145F81CAB347900B73728 /* Nimble.framework */ = {isa = PBXFileReference; lastKnownFileType = wrapper.framework; name = Nimble.framework; path = Carthage/Build/Mac/Nimble.framework; sourceTree = "<group>"; };
		37D145FA1CAB347F00B73728 /* Quick.framework */ = {isa = PBXFileReference; lastKnownFileType = wrapper.framework; name = Quick.framework; path = Carthage/Build/Mac/Quick.framework; sourceTree = "<group>"; };
		37D146051CAB660D00B73728 /* XCTest.framework */ = {isa = PBXFileReference; lastKnownFileType = wrapper.framework; name = XCTest.framework; path = Platforms/MacOSX.platform/Developer/Library/Frameworks/XCTest.framework; sourceTree = DEVELOPER_DIR; };
		37D146071CAB676800B73728 /* AsterismSpecs-Bridging-Header.h */ = {isa = PBXFileReference; lastKnownFileType = sourcecode.c.h; path = "AsterismSpecs-Bridging-Header.h"; sourceTree = "<group>"; };
		5410F3EC177734E700124E45 /* ASTFind.h */ = {isa = PBXFileReference; lastKnownFileType = sourcecode.c.h; path = ASTFind.h; sourceTree = "<group>"; };
		5410F3ED177734E700124E45 /* ASTFind.m */ = {isa = PBXFileReference; lastKnownFileType = sourcecode.c.objc; path = ASTFind.m; sourceTree = "<group>"; };
		5424E956183D80E800E4EC51 /* ASTDefaultsSpec.m */ = {isa = PBXFileReference; fileEncoding = 4; lastKnownFileType = sourcecode.c.objc; path = ASTDefaultsSpec.m; sourceTree = "<group>"; };
		54289FDF18AA3B8200681E49 /* ASTShuffle.h */ = {isa = PBXFileReference; fileEncoding = 4; lastKnownFileType = sourcecode.c.h; path = ASTShuffle.h; sourceTree = "<group>"; };
		54289FE018AA3B8200681E49 /* ASTShuffle.m */ = {isa = PBXFileReference; fileEncoding = 4; lastKnownFileType = sourcecode.c.objc; path = ASTShuffle.m; sourceTree = "<group>"; };
		542C1CB617520F560013D41E /* ASTReduce.h */ = {isa = PBXFileReference; fileEncoding = 4; lastKnownFileType = sourcecode.c.h; path = ASTReduce.h; sourceTree = "<group>"; };
		542C1CB717520F560013D41E /* ASTReduce.m */ = {isa = PBXFileReference; fileEncoding = 4; lastKnownFileType = sourcecode.c.objc; path = ASTReduce.m; sourceTree = "<group>"; };
		542C1CB9175214B90013D41E /* ASTReduceSpec.m */ = {isa = PBXFileReference; fileEncoding = 4; lastKnownFileType = sourcecode.c.objc; path = ASTReduceSpec.m; sourceTree = "<group>"; };
		545059C1186274E100A062D9 /* ASTWithout.h */ = {isa = PBXFileReference; fileEncoding = 4; lastKnownFileType = sourcecode.c.h; path = ASTWithout.h; sourceTree = "<group>"; };
		545059C2186274E100A062D9 /* ASTWithout.m */ = {isa = PBXFileReference; fileEncoding = 4; lastKnownFileType = sourcecode.c.objc; path = ASTWithout.m; sourceTree = "<group>"; };
		545059C41862763500A062D9 /* ASTWithoutSpec.m */ = {isa = PBXFileReference; fileEncoding = 4; lastKnownFileType = sourcecode.c.objc; path = ASTWithoutSpec.m; sourceTree = "<group>"; };
		546C0F4718B03AC200D84A7E /* ASTShuffleSpec.m */ = {isa = PBXFileReference; fileEncoding = 4; lastKnownFileType = sourcecode.c.objc; path = ASTShuffleSpec.m; sourceTree = "<group>"; };
		5474241E1872FFF6006B190F /* ASTPick.h */ = {isa = PBXFileReference; fileEncoding = 4; lastKnownFileType = sourcecode.c.h; path = ASTPick.h; sourceTree = "<group>"; };
		5474241F1872FFF6006B190F /* ASTPick.m */ = {isa = PBXFileReference; fileEncoding = 4; lastKnownFileType = sourcecode.c.objc; path = ASTPick.m; sourceTree = "<group>"; };
		5481CD9118E1911500342C59 /* ASTSort.h */ = {isa = PBXFileReference; fileEncoding = 4; lastKnownFileType = sourcecode.c.h; path = ASTSort.h; sourceTree = "<group>"; };
		5481CD9218E1911500342C59 /* ASTSort.m */ = {isa = PBXFileReference; fileEncoding = 4; lastKnownFileType = sourcecode.c.objc; path = ASTSort.m; sourceTree = "<group>"; };
		5481CD9618E1938500342C59 /* ASTSortSpec.m */ = {isa = PBXFileReference; fileEncoding = 4; lastKnownFileType = sourcecode.c.objc; path = ASTSortSpec.m; sourceTree = "<group>"; };
		5484EEA918533FF0000B4D04 /* ASTSize.h */ = {isa = PBXFileReference; fileEncoding = 4; lastKnownFileType = sourcecode.c.h; path = ASTSize.h; sourceTree = "<group>"; };
		5484EEAA18533FF0000B4D04 /* ASTSize.m */ = {isa = PBXFileReference; fileEncoding = 4; lastKnownFileType = sourcecode.c.objc; path = ASTSize.m; sourceTree = "<group>"; };
		5484EEAC1854C6AF000B4D04 /* ASTSizeSpec.m */ = {isa = PBXFileReference; fileEncoding = 4; lastKnownFileType = sourcecode.c.objc; path = ASTSizeSpec.m; sourceTree = "<group>"; };
		54892BAA184AAEFD009CF268 /* ASTAll.h */ = {isa = PBXFileReference; fileEncoding = 4; lastKnownFileType = sourcecode.c.h; path = ASTAll.h; sourceTree = "<group>"; };
		54892BAB184AAEFD009CF268 /* ASTAll.m */ = {isa = PBXFileReference; fileEncoding = 4; lastKnownFileType = sourcecode.c.objc; path = ASTAll.m; sourceTree = "<group>"; };
		54892BAD184AAFFE009CF268 /* ASTAllSpec.m */ = {isa = PBXFileReference; fileEncoding = 4; lastKnownFileType = sourcecode.c.objc; path = ASTAllSpec.m; sourceTree = "<group>"; };
		54892BAF184AB0F6009CF268 /* ASTAny.h */ = {isa = PBXFileReference; fileEncoding = 4; lastKnownFileType = sourcecode.c.h; path = ASTAny.h; sourceTree = "<group>"; };
		54892BB0184AB0F6009CF268 /* ASTAny.m */ = {isa = PBXFileReference; fileEncoding = 4; lastKnownFileType = sourcecode.c.objc; path = ASTAny.m; sourceTree = "<group>"; };
		54892BB2184AB268009CF268 /* ASTAnySpec.m */ = {isa = PBXFileReference; fileEncoding = 4; lastKnownFileType = sourcecode.c.objc; path = ASTAnySpec.m; sourceTree = "<group>"; };
		549B7262175CFE6700E6A378 /* ASTReject.h */ = {isa = PBXFileReference; fileEncoding = 4; lastKnownFileType = sourcecode.c.h; path = ASTReject.h; sourceTree = "<group>"; };
		549B7263175CFE6700E6A378 /* ASTReject.m */ = {isa = PBXFileReference; explicitFileType = sourcecode.c.objc; fileEncoding = 4; path = ASTReject.m; sourceTree = "<group>"; };
		549B7266175D07CF00E6A378 /* ASTNegate.h */ = {isa = PBXFileReference; fileEncoding = 4; lastKnownFileType = sourcecode.c.h; path = ASTNegate.h; sourceTree = "<group>"; };
		549B7267175D07CF00E6A378 /* ASTNegate.m */ = {isa = PBXFileReference; fileEncoding = 4; lastKnownFileType = sourcecode.c.objc; path = ASTNegate.m; sourceTree = "<group>"; };
		549B7269175D08E400E6A378 /* ASTRejectSpec.m */ = {isa = PBXFileReference; fileEncoding = 4; lastKnownFileType = sourcecode.c.objc; path = ASTRejectSpec.m; sourceTree = "<group>"; };
		549B726B175D097100E6A378 /* ASTNegateSpec.m */ = {isa = PBXFileReference; fileEncoding = 4; lastKnownFileType = sourcecode.c.objc; path = ASTNegateSpec.m; sourceTree = "<group>"; };
		549DFB88175E4DD2005CAD4A /* ASTGroupBy.h */ = {isa = PBXFileReference; fileEncoding = 4; lastKnownFileType = sourcecode.c.h; path = ASTGroupBy.h; sourceTree = "<group>"; };
		549DFB89175E4DD2005CAD4A /* ASTGroupBy.m */ = {isa = PBXFileReference; fileEncoding = 4; lastKnownFileType = sourcecode.c.objc; path = ASTGroupBy.m; sourceTree = "<group>"; };
		549DFB8D175E5526005CAD4A /* ASTGroupBySpec.m */ = {isa = PBXFileReference; fileEncoding = 4; lastKnownFileType = sourcecode.c.objc; path = ASTGroupBySpec.m; sourceTree = "<group>"; };
		54A0BB2A175E5F5C001D06E2 /* ASTMinMax.h */ = {isa = PBXFileReference; fileEncoding = 4; lastKnownFileType = sourcecode.c.h; path = ASTMinMax.h; sourceTree = "<group>"; };
		54A0BB2B175E5F5C001D06E2 /* ASTMinMax.m */ = {isa = PBXFileReference; fileEncoding = 4; lastKnownFileType = sourcecode.c.objc; path = ASTMinMax.m; sourceTree = "<group>"; };
		54A0BB2D175E647E001D06E2 /* ASTMinMaxSpec.m */ = {isa = PBXFileReference; fileEncoding = 4; lastKnownFileType = sourcecode.c.objc; path = ASTMinMaxSpec.m; sourceTree = "<group>"; };
		54A13FCC184222F900CEC841 /* ASTExtend.h */ = {isa = PBXFileReference; fileEncoding = 4; lastKnownFileType = sourcecode.c.h; path = ASTExtend.h; sourceTree = "<group>"; };
		54A13FCD184222F900CEC841 /* ASTExtend.m */ = {isa = PBXFileReference; fileEncoding = 4; lastKnownFileType = sourcecode.c.objc; path = ASTExtend.m; sourceTree = "<group>"; };
		54A13FCF1842277300CEC841 /* ASTExtendSpec.m */ = {isa = PBXFileReference; fileEncoding = 4; lastKnownFileType = sourcecode.c.objc; path = ASTExtendSpec.m; sourceTree = "<group>"; };
		54A140061842415300CEC841 /* ASTIndexOf.h */ = {isa = PBXFileReference; fileEncoding = 4; lastKnownFileType = sourcecode.c.h; path = ASTIndexOf.h; sourceTree = "<group>"; };
		54A140071842415300CEC841 /* ASTIndexOf.m */ = {isa = PBXFileReference; fileEncoding = 4; lastKnownFileType = sourcecode.c.objc; path = ASTIndexOf.m; sourceTree = "<group>"; };
		54A140091842439100CEC841 /* ASTIndexOfSpec.m */ = {isa = PBXFileReference; fileEncoding = 4; lastKnownFileType = sourcecode.c.objc; path = ASTIndexOfSpec.m; sourceTree = "<group>"; };
		54A72CBD175D0F4F00D9A05E /* ASTPluck.h */ = {isa = PBXFileReference; fileEncoding = 4; lastKnownFileType = sourcecode.c.h; path = ASTPluck.h; sourceTree = "<group>"; };
		54A72CBE175D0F4F00D9A05E /* ASTPluck.m */ = {isa = PBXFileReference; fileEncoding = 4; lastKnownFileType = sourcecode.c.objc; path = ASTPluck.m; sourceTree = "<group>"; };
		54A72CC0175D0FD400D9A05E /* ASTPluckSpec.m */ = {isa = PBXFileReference; fileEncoding = 4; lastKnownFileType = sourcecode.c.objc; path = ASTPluckSpec.m; sourceTree = "<group>"; };
		54A7FD42175CE45D004A7541 /* ASTFilterSpec.m */ = {isa = PBXFileReference; fileEncoding = 4; lastKnownFileType = sourcecode.c.objc; path = ASTFilterSpec.m; sourceTree = "<group>"; };
		54AD1DF417AF31130001971C /* ASTEmpty.h */ = {isa = PBXFileReference; fileEncoding = 4; lastKnownFileType = sourcecode.c.h; path = ASTEmpty.h; sourceTree = "<group>"; };
		54AD1DF517AF31130001971C /* ASTEmpty.m */ = {isa = PBXFileReference; fileEncoding = 4; lastKnownFileType = sourcecode.c.objc; path = ASTEmpty.m; sourceTree = "<group>"; };
		54AD1DF717AF31FD0001971C /* ASTEmptySpec.m */ = {isa = PBXFileReference; fileEncoding = 4; lastKnownFileType = sourcecode.c.objc; path = ASTEmptySpec.m; sourceTree = "<group>"; };
		54CA8D1B1777396E001BCD9F /* ASTFindSpec.m */ = {isa = PBXFileReference; lastKnownFileType = sourcecode.c.objc; path = ASTFindSpec.m; sourceTree = "<group>"; };
		54CE84B9174D74E1006F960A /* ASTMap.h */ = {isa = PBXFileReference; fileEncoding = 4; lastKnownFileType = sourcecode.c.h; path = ASTMap.h; sourceTree = "<group>"; };
		54CE84BA174D74E1006F960A /* ASTMap.m */ = {isa = PBXFileReference; fileEncoding = 4; lastKnownFileType = sourcecode.c.objc; path = ASTMap.m; sourceTree = "<group>"; };
		54CE84BC174D78C0006F960A /* ASTMapSpec.m */ = {isa = PBXFileReference; fileEncoding = 4; lastKnownFileType = sourcecode.c.objc; path = ASTMapSpec.m; sourceTree = "<group>"; };
		54D9EE681721543D00383762 /* Foundation.framework */ = {isa = PBXFileReference; lastKnownFileType = wrapper.framework; name = Foundation.framework; path = System/Library/Frameworks/Foundation.framework; sourceTree = SDKROOT; };
		54D9EE6C1721543D00383762 /* Asterism-Prefix.pch */ = {isa = PBXFileReference; lastKnownFileType = sourcecode.c.h; path = "Asterism-Prefix.pch"; sourceTree = "<group>"; };
		54D9EE6D1721543D00383762 /* Asterism.h */ = {isa = PBXFileReference; lastKnownFileType = sourcecode.c.h; path = Asterism.h; sourceTree = "<group>"; };
		54D9EE761721543D00383762 /* AsterismSpecs.xctest */ = {isa = PBXFileReference; explicitFileType = wrapper.cfbundle; includeInIndex = 0; path = AsterismSpecs.xctest; sourceTree = BUILT_PRODUCTS_DIR; };
		54D9EE811721543D00383762 /* Specs-Info.plist */ = {isa = PBXFileReference; lastKnownFileType = text.plist.xml; path = "Specs-Info.plist"; sourceTree = "<group>"; };
		54D9EE831721543D00383762 /* en */ = {isa = PBXFileReference; lastKnownFileType = text.plist.strings; name = en; path = en.lproj/InfoPlist.strings; sourceTree = "<group>"; };
		54D9EE90172154F100383762 /* Specs-Prefix.pch */ = {isa = PBXFileReference; fileEncoding = 4; lastKnownFileType = sourcecode.c.h; path = "Specs-Prefix.pch"; sourceTree = "<group>"; };
		54DDBE251837EB05002EAEB3 /* ASTDefaults.h */ = {isa = PBXFileReference; fileEncoding = 4; lastKnownFileType = sourcecode.c.h; path = ASTDefaults.h; sourceTree = "<group>"; };
		54DDBE261837EB05002EAEB3 /* ASTDefaults.m */ = {isa = PBXFileReference; fileEncoding = 4; lastKnownFileType = sourcecode.c.objc; path = ASTDefaults.m; sourceTree = "<group>"; };
		54E002A518C920F600B66BC3 /* Asterism.framework */ = {isa = PBXFileReference; explicitFileType = wrapper.framework; includeInIndex = 0; path = Asterism.framework; sourceTree = BUILT_PRODUCTS_DIR; };
		54E002A918C920F600B66BC3 /* Foundation.framework */ = {isa = PBXFileReference; lastKnownFileType = wrapper.framework; name = Foundation.framework; path = ../../../../MacOSX.platform/Developer/SDKs/MacOSX10.11.sdk/System/Library/Frameworks/Foundation.framework; sourceTree = SDKROOT; };
		54E002BA18C920F600B66BC3 /* AsterismSpecs.xctest */ = {isa = PBXFileReference; explicitFileType = wrapper.cfbundle; includeInIndex = 0; path = AsterismSpecs.xctest; sourceTree = BUILT_PRODUCTS_DIR; };
		54E002BB18C920F600B66BC3 /* XCTest.framework */ = {isa = PBXFileReference; lastKnownFileType = wrapper.framework; name = XCTest.framework; path = Platforms/iPhoneOS.platform/Developer/Library/Frameworks/XCTest.framework; sourceTree = DEVELOPER_DIR; };
		54E0030918C921FC00B66BC3 /* Asterism-Info.plist */ = {isa = PBXFileReference; lastKnownFileType = text.plist.xml; path = "Asterism-Info.plist"; sourceTree = "<group>"; };
		54E0ED69175A0D5B0076C6EA /* ASTHead.h */ = {isa = PBXFileReference; fileEncoding = 4; lastKnownFileType = sourcecode.c.h; path = ASTHead.h; sourceTree = "<group>"; };
		54E0ED6A175A0D5B0076C6EA /* ASTHead.m */ = {isa = PBXFileReference; fileEncoding = 4; lastKnownFileType = sourcecode.c.objc; path = ASTHead.m; sourceTree = "<group>"; };
		54E0ED6C175A0DF00076C6EA /* ASTHeadSpec.m */ = {isa = PBXFileReference; fileEncoding = 4; lastKnownFileType = sourcecode.c.objc; path = ASTHeadSpec.m; sourceTree = "<group>"; };
		54E0ED6E175A0FAC0076C6EA /* ASTTail.h */ = {isa = PBXFileReference; fileEncoding = 4; lastKnownFileType = sourcecode.c.h; path = ASTTail.h; sourceTree = "<group>"; };
		54E0ED6F175A0FAC0076C6EA /* ASTTail.m */ = {isa = PBXFileReference; fileEncoding = 4; lastKnownFileType = sourcecode.c.objc; path = ASTTail.m; sourceTree = "<group>"; };
		54E0ED71175A146B0076C6EA /* ASTTailSpec.m */ = {isa = PBXFileReference; fileEncoding = 4; lastKnownFileType = sourcecode.c.objc; path = ASTTailSpec.m; sourceTree = "<group>"; };
		54E0ED73175A1ABD0076C6EA /* ASTFilter.h */ = {isa = PBXFileReference; fileEncoding = 4; lastKnownFileType = sourcecode.c.h; path = ASTFilter.h; sourceTree = "<group>"; };
		54E0ED74175A1ABD0076C6EA /* ASTFilter.m */ = {isa = PBXFileReference; fileEncoding = 4; lastKnownFileType = sourcecode.c.objc; path = ASTFilter.m; sourceTree = "<group>"; };
		54E1B64617215678008A2175 /* ASTEach.h */ = {isa = PBXFileReference; fileEncoding = 4; lastKnownFileType = sourcecode.c.h; path = ASTEach.h; sourceTree = "<group>"; };
		54E1B64717215678008A2175 /* ASTEach.m */ = {isa = PBXFileReference; fileEncoding = 4; lastKnownFileType = sourcecode.c.objc; path = ASTEach.m; sourceTree = "<group>"; };
		54E1B64917215783008A2175 /* ASTEachSpec.m */ = {isa = PBXFileReference; fileEncoding = 4; lastKnownFileType = sourcecode.c.objc; path = ASTEachSpec.m; sourceTree = "<group>"; };
		54EE9AA718D1DD0B0073C37B /* AsterismDefines.h */ = {isa = PBXFileReference; fileEncoding = 4; lastKnownFileType = sourcecode.c.h; path = AsterismDefines.h; sourceTree = "<group>"; };
		54F4C5DC185C952200E897E7 /* ASTIndexBy.h */ = {isa = PBXFileReference; fileEncoding = 4; lastKnownFileType = sourcecode.c.h; path = ASTIndexBy.h; sourceTree = "<group>"; };
		54F4C5DD185C952200E897E7 /* ASTIndexBy.m */ = {isa = PBXFileReference; fileEncoding = 4; lastKnownFileType = sourcecode.c.objc; path = ASTIndexBy.m; sourceTree = "<group>"; };
		54FB520718BBA7B8005DEB38 /* ASTIndexBySpec.m */ = {isa = PBXFileReference; fileEncoding = 4; lastKnownFileType = sourcecode.c.objc; path = ASTIndexBySpec.m; sourceTree = "<group>"; };
		54FE96DC17704C7F006F40AC /* ASTDifference.h */ = {isa = PBXFileReference; fileEncoding = 4; lastKnownFileType = sourcecode.c.h; path = ASTDifference.h; sourceTree = "<group>"; };
		54FE96DD17704C7F006F40AC /* ASTDifference.m */ = {isa = PBXFileReference; fileEncoding = 4; lastKnownFileType = sourcecode.c.objc; path = ASTDifference.m; sourceTree = "<group>"; };
		54FE96DF17704FF7006F40AC /* ASTDifferenceSpec.m */ = {isa = PBXFileReference; fileEncoding = 4; lastKnownFileType = sourcecode.c.objc; path = ASTDifferenceSpec.m; sourceTree = "<group>"; };
		54FE96E1177053FE006F40AC /* ASTUnion.h */ = {isa = PBXFileReference; fileEncoding = 4; lastKnownFileType = sourcecode.c.h; path = ASTUnion.h; sourceTree = "<group>"; };
		54FE96E2177053FE006F40AC /* ASTUnion.m */ = {isa = PBXFileReference; fileEncoding = 4; lastKnownFileType = sourcecode.c.objc; path = ASTUnion.m; sourceTree = "<group>"; };
		54FE96E417705560006F40AC /* ASTUnionSpec.m */ = {isa = PBXFileReference; fileEncoding = 4; lastKnownFileType = sourcecode.c.objc; path = ASTUnionSpec.m; sourceTree = "<group>"; };
		54FE96EB17706265006F40AC /* ASTIntersection.h */ = {isa = PBXFileReference; fileEncoding = 4; lastKnownFileType = sourcecode.c.h; path = ASTIntersection.h; sourceTree = "<group>"; };
		54FE96EC17706265006F40AC /* ASTIntersection.m */ = {isa = PBXFileReference; fileEncoding = 4; lastKnownFileType = sourcecode.c.objc; path = ASTIntersection.m; sourceTree = "<group>"; };
		54FE96EE177068B2006F40AC /* ASTIntersectionSpec.m */ = {isa = PBXFileReference; fileEncoding = 4; lastKnownFileType = sourcecode.c.objc; path = ASTIntersectionSpec.m; sourceTree = "<group>"; };
		DCF5756C18427BE900F0989B /* ASTFlatten.h */ = {isa = PBXFileReference; fileEncoding = 4; lastKnownFileType = sourcecode.c.h; path = ASTFlatten.h; sourceTree = "<group>"; };
		DCF5756D18427BE900F0989B /* ASTFlatten.m */ = {isa = PBXFileReference; fileEncoding = 4; lastKnownFileType = sourcecode.c.objc; path = ASTFlatten.m; sourceTree = "<group>"; };
		DCF5757018427F5200F0989B /* ASTFlattenSpec.m */ = {isa = PBXFileReference; fileEncoding = 4; lastKnownFileType = sourcecode.c.objc; path = ASTFlattenSpec.m; sourceTree = "<group>"; };
		DCFF2F7418B55A04001365BF /* ASTPickSpec.m */ = {isa = PBXFileReference; fileEncoding = 4; lastKnownFileType = sourcecode.c.objc; path = ASTPickSpec.m; sourceTree = "<group>"; };
/* End PBXFileReference section */

/* Begin PBXFrameworksBuildPhase section */
		37D145AD1CAB31DB00B73728 /* Frameworks */ = {
			isa = PBXFrameworksBuildPhase;
			buildActionMask = 2147483647;
			files = (
			);
			runOnlyForDeploymentPostprocessing = 0;
		};
		54D9EE721721543D00383762 /* Frameworks */ = {
			isa = PBXFrameworksBuildPhase;
			buildActionMask = 2147483647;
			files = (
				54D9EE7B1721543D00383762 /* Foundation.framework in Frameworks */,
				37D146041CAB65E800B73728 /* XCTest.framework in Frameworks */,
			);
			runOnlyForDeploymentPostprocessing = 0;
		};
		54E002A118C920F600B66BC3 /* Frameworks */ = {
			isa = PBXFrameworksBuildPhase;
			buildActionMask = 2147483647;
			files = (
			);
			runOnlyForDeploymentPostprocessing = 0;
		};
		54E002B718C920F600B66BC3 /* Frameworks */ = {
			isa = PBXFrameworksBuildPhase;
			buildActionMask = 2147483647;
			files = (
				37D146171CAB6DEA00B73728 /* Foundation.framework in Frameworks */,
				54E0030A18C922EF00B66BC3 /* Asterism.framework in Frameworks */,
			);
			runOnlyForDeploymentPostprocessing = 0;
		};
/* End PBXFrameworksBuildPhase section */

/* Begin PBXGroup section */
		54D9EE5C1721543D00383762 = {
			isa = PBXGroup;
			children = (
				54D9EE6A1721543D00383762 /* Asterism */,
				54D9EE7F1721543D00383762 /* Specs */,
				54D9EE671721543D00383762 /* Frameworks */,
				54D9EE661721543D00383762 /* Products */,
			);
			sourceTree = "<group>";
		};
		54D9EE661721543D00383762 /* Products */ = {
			isa = PBXGroup;
			children = (
				54D9EE761721543D00383762 /* AsterismSpecs.xctest */,
				54E002A518C920F600B66BC3 /* Asterism.framework */,
				54E002BA18C920F600B66BC3 /* AsterismSpecs.xctest */,
				37D145B11CAB31DB00B73728 /* Asterism.framework */,
			);
			name = Products;
			sourceTree = "<group>";
		};
		54D9EE671721543D00383762 /* Frameworks */ = {
			isa = PBXGroup;
			children = (
				37D145FA1CAB347F00B73728 /* Quick.framework */,
				37D145F81CAB347900B73728 /* Nimble.framework */,
				37D145F61CAB346E00B73728 /* Quick.framework */,
				37D145F41CAB346500B73728 /* Nimble.framework */,
				54D9EE681721543D00383762 /* Foundation.framework */,
				54E002BB18C920F600B66BC3 /* XCTest.framework */,
				37D146051CAB660D00B73728 /* XCTest.framework */,
				54E002A818C920F600B66BC3 /* Other Frameworks */,
			);
			name = Frameworks;
			sourceTree = "<group>";
		};
		54D9EE6A1721543D00383762 /* Asterism */ = {
			isa = PBXGroup;
			children = (
				54D9EE6D1721543D00383762 /* Asterism.h */,
				54EE9AA718D1DD0B0073C37B /* AsterismDefines.h */,
				54892BAA184AAEFD009CF268 /* ASTAll.h */,
				54892BAB184AAEFD009CF268 /* ASTAll.m */,
				54892BAF184AB0F6009CF268 /* ASTAny.h */,
				54892BB0184AB0F6009CF268 /* ASTAny.m */,
				54DDBE251837EB05002EAEB3 /* ASTDefaults.h */,
				54DDBE261837EB05002EAEB3 /* ASTDefaults.m */,
				54FE96DC17704C7F006F40AC /* ASTDifference.h */,
				54FE96DD17704C7F006F40AC /* ASTDifference.m */,
				54E1B64617215678008A2175 /* ASTEach.h */,
				54E1B64717215678008A2175 /* ASTEach.m */,
				54AD1DF417AF31130001971C /* ASTEmpty.h */,
				54AD1DF517AF31130001971C /* ASTEmpty.m */,
				54A13FCC184222F900CEC841 /* ASTExtend.h */,
				54A13FCD184222F900CEC841 /* ASTExtend.m */,
				54E0ED73175A1ABD0076C6EA /* ASTFilter.h */,
				54E0ED74175A1ABD0076C6EA /* ASTFilter.m */,
				5410F3EC177734E700124E45 /* ASTFind.h */,
				5410F3ED177734E700124E45 /* ASTFind.m */,
				DCF5756C18427BE900F0989B /* ASTFlatten.h */,
				DCF5756D18427BE900F0989B /* ASTFlatten.m */,
				549DFB88175E4DD2005CAD4A /* ASTGroupBy.h */,
				549DFB89175E4DD2005CAD4A /* ASTGroupBy.m */,
				54E0ED69175A0D5B0076C6EA /* ASTHead.h */,
				54E0ED6A175A0D5B0076C6EA /* ASTHead.m */,
				54F4C5DC185C952200E897E7 /* ASTIndexBy.h */,
				54F4C5DD185C952200E897E7 /* ASTIndexBy.m */,
				54A140061842415300CEC841 /* ASTIndexOf.h */,
				54A140071842415300CEC841 /* ASTIndexOf.m */,
				54FE96EB17706265006F40AC /* ASTIntersection.h */,
				54FE96EC17706265006F40AC /* ASTIntersection.m */,
				54CE84B9174D74E1006F960A /* ASTMap.h */,
				54CE84BA174D74E1006F960A /* ASTMap.m */,
				54A0BB2A175E5F5C001D06E2 /* ASTMinMax.h */,
				54A0BB2B175E5F5C001D06E2 /* ASTMinMax.m */,
				549B7266175D07CF00E6A378 /* ASTNegate.h */,
				549B7267175D07CF00E6A378 /* ASTNegate.m */,
				5474241E1872FFF6006B190F /* ASTPick.h */,
				5474241F1872FFF6006B190F /* ASTPick.m */,
				54A72CBD175D0F4F00D9A05E /* ASTPluck.h */,
				54A72CBE175D0F4F00D9A05E /* ASTPluck.m */,
				542C1CB617520F560013D41E /* ASTReduce.h */,
				542C1CB717520F560013D41E /* ASTReduce.m */,
				549B7262175CFE6700E6A378 /* ASTReject.h */,
				549B7263175CFE6700E6A378 /* ASTReject.m */,
				54289FDF18AA3B8200681E49 /* ASTShuffle.h */,
				54289FE018AA3B8200681E49 /* ASTShuffle.m */,
				5484EEA918533FF0000B4D04 /* ASTSize.h */,
				5484EEAA18533FF0000B4D04 /* ASTSize.m */,
				5481CD9118E1911500342C59 /* ASTSort.h */,
				5481CD9218E1911500342C59 /* ASTSort.m */,
				54E0ED6E175A0FAC0076C6EA /* ASTTail.h */,
				54E0ED6F175A0FAC0076C6EA /* ASTTail.m */,
				54FE96E1177053FE006F40AC /* ASTUnion.h */,
				54FE96E2177053FE006F40AC /* ASTUnion.m */,
				545059C1186274E100A062D9 /* ASTWithout.h */,
				545059C2186274E100A062D9 /* ASTWithout.m */,
				54D9EE6B1721543D00383762 /* Supporting Files */,
			);
			path = Asterism;
			sourceTree = "<group>";
		};
		54D9EE6B1721543D00383762 /* Supporting Files */ = {
			isa = PBXGroup;
			children = (
				54D9EE6C1721543D00383762 /* Asterism-Prefix.pch */,
				54E0030918C921FC00B66BC3 /* Asterism-Info.plist */,
			);
			name = "Supporting Files";
			sourceTree = "<group>";
		};
		54D9EE7F1721543D00383762 /* Specs */ = {
			isa = PBXGroup;
			children = (
				54892BAD184AAFFE009CF268 /* ASTAllSpec.m */,
				54892BB2184AB268009CF268 /* ASTAnySpec.m */,
				5424E956183D80E800E4EC51 /* ASTDefaultsSpec.m */,
				54FE96DF17704FF7006F40AC /* ASTDifferenceSpec.m */,
				54E1B64917215783008A2175 /* ASTEachSpec.m */,
				54AD1DF717AF31FD0001971C /* ASTEmptySpec.m */,
				54A13FCF1842277300CEC841 /* ASTExtendSpec.m */,
				54A7FD42175CE45D004A7541 /* ASTFilterSpec.m */,
				54CA8D1B1777396E001BCD9F /* ASTFindSpec.m */,
				DCF5757018427F5200F0989B /* ASTFlattenSpec.m */,
				549DFB8D175E5526005CAD4A /* ASTGroupBySpec.m */,
				54E0ED6C175A0DF00076C6EA /* ASTHeadSpec.m */,
				54FB520718BBA7B8005DEB38 /* ASTIndexBySpec.m */,
				54A140091842439100CEC841 /* ASTIndexOfSpec.m */,
				54FE96EE177068B2006F40AC /* ASTIntersectionSpec.m */,
				54CE84BC174D78C0006F960A /* ASTMapSpec.m */,
				54A0BB2D175E647E001D06E2 /* ASTMinMaxSpec.m */,
				549B726B175D097100E6A378 /* ASTNegateSpec.m */,
				DCFF2F7418B55A04001365BF /* ASTPickSpec.m */,
				54A72CC0175D0FD400D9A05E /* ASTPluckSpec.m */,
				542C1CB9175214B90013D41E /* ASTReduceSpec.m */,
				549B7269175D08E400E6A378 /* ASTRejectSpec.m */,
				5484EEAC1854C6AF000B4D04 /* ASTSizeSpec.m */,
				5481CD9618E1938500342C59 /* ASTSortSpec.m */,
				546C0F4718B03AC200D84A7E /* ASTShuffleSpec.m */,
				54E0ED71175A146B0076C6EA /* ASTTailSpec.m */,
				54FE96E417705560006F40AC /* ASTUnionSpec.m */,
				545059C41862763500A062D9 /* ASTWithoutSpec.m */,
				54D9EE801721543D00383762 /* Supporting Files */,
			);
			path = Specs;
			sourceTree = "<group>";
		};
		54D9EE801721543D00383762 /* Supporting Files */ = {
			isa = PBXGroup;
			children = (
				54D9EE90172154F100383762 /* Specs-Prefix.pch */,
				37D146071CAB676800B73728 /* AsterismSpecs-Bridging-Header.h */,
				54D9EE811721543D00383762 /* Specs-Info.plist */,
				54D9EE821721543D00383762 /* InfoPlist.strings */,
			);
			name = "Supporting Files";
			sourceTree = "<group>";
		};
		54E002A818C920F600B66BC3 /* Other Frameworks */ = {
			isa = PBXGroup;
			children = (
				54E002A918C920F600B66BC3 /* Foundation.framework */,
			);
			name = "Other Frameworks";
			sourceTree = "<group>";
		};
/* End PBXGroup section */

/* Begin PBXHeadersBuildPhase section */
		37D145AE1CAB31DB00B73728 /* Headers */ = {
			isa = PBXHeadersBuildPhase;
			buildActionMask = 2147483647;
			files = (
				37D145BB1CAB332F00B73728 /* Asterism.h in Headers */,
				37D145BC1CAB335B00B73728 /* ASTAll.h in Headers */,
				37D145D71CAB335B00B73728 /* ASTWithout.h in Headers */,
				37D145D61CAB335B00B73728 /* ASTUnion.h in Headers */,
				37D145C01CAB335B00B73728 /* ASTEach.h in Headers */,
				37D145C21CAB335B00B73728 /* ASTExtend.h in Headers */,
				37D145CB1CAB335B00B73728 /* ASTMap.h in Headers */,
				37D145CF1CAB335B00B73728 /* ASTPluck.h in Headers */,
				37D145C81CAB335B00B73728 /* ASTIndexBy.h in Headers */,
				37D145CE1CAB335B00B73728 /* ASTPick.h in Headers */,
				37D145BF1CAB335B00B73728 /* ASTDifference.h in Headers */,
				37D145D51CAB335B00B73728 /* ASTTail.h in Headers */,
				37D145D41CAB335B00B73728 /* ASTSort.h in Headers */,
				37D145BE1CAB335B00B73728 /* ASTDefaults.h in Headers */,
				37D145D01CAB335B00B73728 /* ASTReduce.h in Headers */,
				37D145CA1CAB335B00B73728 /* ASTIntersection.h in Headers */,
				37D145C91CAB335B00B73728 /* ASTIndexOf.h in Headers */,
				37D145C41CAB335B00B73728 /* ASTFind.h in Headers */,
				37D145D31CAB335B00B73728 /* ASTSize.h in Headers */,
				37D145D11CAB335B00B73728 /* ASTReject.h in Headers */,
				37D145C71CAB335B00B73728 /* ASTHead.h in Headers */,
				37D145BD1CAB335B00B73728 /* ASTAny.h in Headers */,
				37D145D21CAB335B00B73728 /* ASTShuffle.h in Headers */,
				37D145CD1CAB335B00B73728 /* ASTNegate.h in Headers */,
				37D145C51CAB335B00B73728 /* ASTFlatten.h in Headers */,
				37D145C31CAB335B00B73728 /* ASTFilter.h in Headers */,
				37D145B91CAB332800B73728 /* AsterismDefines.h in Headers */,
				37D145C61CAB335B00B73728 /* ASTGroupBy.h in Headers */,
				37D145C11CAB335B00B73728 /* ASTEmpty.h in Headers */,
				37D145CC1CAB335B00B73728 /* ASTMinMax.h in Headers */,
			);
			runOnlyForDeploymentPostprocessing = 0;
		};
		54E002A218C920F600B66BC3 /* Headers */ = {
			isa = PBXHeadersBuildPhase;
			buildActionMask = 2147483647;
			files = (
				54E002EC18C9217800B66BC3 /* Asterism.h in Headers */,
				54E002EE18C921A500B66BC3 /* ASTAll.h in Headers */,
				54E002F218C921A500B66BC3 /* ASTEach.h in Headers */,
				54E002F418C921A500B66BC3 /* ASTExtend.h in Headers */,
				54E002FD18C921A500B66BC3 /* ASTMap.h in Headers */,
				54E0030118C921A500B66BC3 /* ASTPluck.h in Headers */,
				54E002FA18C921A500B66BC3 /* ASTIndexBy.h in Headers */,
				54E0030018C921A500B66BC3 /* ASTPick.h in Headers */,
				54E002F118C921A500B66BC3 /* ASTDifference.h in Headers */,
				54E0030618C921A500B66BC3 /* ASTTail.h in Headers */,
				54E002F018C921A500B66BC3 /* ASTDefaults.h in Headers */,
				54E0030218C921A500B66BC3 /* ASTReduce.h in Headers */,
				54E002FC18C921A500B66BC3 /* ASTIntersection.h in Headers */,
				54E002FB18C921A500B66BC3 /* ASTIndexOf.h in Headers */,
				54E002F618C921A500B66BC3 /* ASTFind.h in Headers */,
				54E0030518C921A500B66BC3 /* ASTSize.h in Headers */,
				54E0030318C921A500B66BC3 /* ASTReject.h in Headers */,
				54E002F918C921A500B66BC3 /* ASTHead.h in Headers */,
				54E002EF18C921A500B66BC3 /* ASTAny.h in Headers */,
				54E0030418C921A500B66BC3 /* ASTShuffle.h in Headers */,
				54E002FF18C921A500B66BC3 /* ASTNegate.h in Headers */,
				5481CD9318E1911500342C59 /* ASTSort.h in Headers */,
				54E002F718C921A500B66BC3 /* ASTFlatten.h in Headers */,
				54E002F518C921A500B66BC3 /* ASTFilter.h in Headers */,
				54E002F818C921A500B66BC3 /* ASTGroupBy.h in Headers */,
				37D145BA1CAB332900B73728 /* AsterismDefines.h in Headers */,
				54E0030718C921A500B66BC3 /* ASTUnion.h in Headers */,
				54E002F318C921A500B66BC3 /* ASTEmpty.h in Headers */,
				54E002FE18C921A500B66BC3 /* ASTMinMax.h in Headers */,
				54E0030818C921A500B66BC3 /* ASTWithout.h in Headers */,
			);
			runOnlyForDeploymentPostprocessing = 0;
		};
/* End PBXHeadersBuildPhase section */

/* Begin PBXNativeTarget section */
		37D145B01CAB31DB00B73728 /* Asterism-iOS */ = {
			isa = PBXNativeTarget;
			buildConfigurationList = 37D145B61CAB31DB00B73728 /* Build configuration list for PBXNativeTarget "Asterism-iOS" */;
			buildPhases = (
				37D145AC1CAB31DB00B73728 /* Sources */,
				37D145AD1CAB31DB00B73728 /* Frameworks */,
				37D145AE1CAB31DB00B73728 /* Headers */,
				37D145AF1CAB31DB00B73728 /* Resources */,
			);
			buildRules = (
			);
			dependencies = (
			);
			name = "Asterism-iOS";
			productName = "Asterism-iOS-framework";
			productReference = 37D145B11CAB31DB00B73728 /* Asterism.framework */;
			productType = "com.apple.product-type.framework";
		};
		54D9EE751721543D00383762 /* AsterismSpecs-iOS */ = {
			isa = PBXNativeTarget;
			buildConfigurationList = 54D9EE8D1721543D00383762 /* Build configuration list for PBXNativeTarget "AsterismSpecs-iOS" */;
			buildPhases = (
				54D9EE711721543D00383762 /* Sources */,
				54D9EE721721543D00383762 /* Frameworks */,
				54D9EE731721543D00383762 /* Resources */,
				37D145FC1CAB34B300B73728 /* CopyFiles */,
			);
			buildRules = (
			);
			dependencies = (
				37D146161CAB6DD100B73728 /* PBXTargetDependency */,
			);
			name = "AsterismSpecs-iOS";
			productName = Specs;
			productReference = 54D9EE761721543D00383762 /* AsterismSpecs.xctest */;
			productType = "com.apple.product-type.bundle.unit-test";
		};
		54E002A418C920F600B66BC3 /* Asterism-OSX */ = {
			isa = PBXNativeTarget;
			buildConfigurationList = 54E002CD18C920F600B66BC3 /* Build configuration list for PBXNativeTarget "Asterism-OSX" */;
			buildPhases = (
				54E002A018C920F600B66BC3 /* Sources */,
				54E002A118C920F600B66BC3 /* Frameworks */,
				54E002A218C920F600B66BC3 /* Headers */,
				54E002A318C920F600B66BC3 /* Resources */,
			);
			buildRules = (
			);
			dependencies = (
			);
			name = "Asterism-OSX";
			productName = "Asterism-Mac";
			productReference = 54E002A518C920F600B66BC3 /* Asterism.framework */;
			productType = "com.apple.product-type.framework";
		};
		54E002B918C920F600B66BC3 /* AsterismSpecs-OSX */ = {
			isa = PBXNativeTarget;
			buildConfigurationList = 54E002CE18C920F600B66BC3 /* Build configuration list for PBXNativeTarget "AsterismSpecs-OSX" */;
			buildPhases = (
				54E002B618C920F600B66BC3 /* Sources */,
				54E002B718C920F600B66BC3 /* Frameworks */,
				54E002B818C920F600B66BC3 /* Resources */,
				37D146011CAB352F00B73728 /* CopyFiles */,
			);
			buildRules = (
			);
			dependencies = (
				54E002BF18C920F600B66BC3 /* PBXTargetDependency */,
			);
			name = "AsterismSpecs-OSX";
			productName = "Asterism-MacTests";
			productReference = 54E002BA18C920F600B66BC3 /* AsterismSpecs.xctest */;
			productType = "com.apple.product-type.bundle.unit-test";
		};
/* End PBXNativeTarget section */

/* Begin PBXProject section */
		54D9EE5D1721543D00383762 /* Project object */ = {
			isa = PBXProject;
			attributes = {
				CLASSPREFIX = AST;
				LastSwiftUpdateCheck = 0720;
				LastTestingUpgradeCheck = 0720;
				LastUpgradeCheck = 1140;
				ORGANIZATIONNAME = "Robert Böhnke";
				TargetAttributes = {
					37D145B01CAB31DB00B73728 = {
						CreatedOnToolsVersion = 7.2.1;
					};
					54E002B918C920F600B66BC3 = {
						TestTargetID = 54E002A418C920F600B66BC3;
					};
				};
			};
			buildConfigurationList = 54D9EE601721543D00383762 /* Build configuration list for PBXProject "Asterism" */;
			compatibilityVersion = "Xcode 3.2";
			developmentRegion = en;
			hasScannedForEncodings = 0;
			knownRegions = (
				en,
				Base,
			);
			mainGroup = 54D9EE5C1721543D00383762;
			productRefGroup = 54D9EE661721543D00383762 /* Products */;
			projectDirPath = "";
			projectRoot = "";
			targets = (
				37D145B01CAB31DB00B73728 /* Asterism-iOS */,
				54D9EE751721543D00383762 /* AsterismSpecs-iOS */,
				54E002A418C920F600B66BC3 /* Asterism-OSX */,
				54E002B918C920F600B66BC3 /* AsterismSpecs-OSX */,
			);
		};
/* End PBXProject section */

/* Begin PBXResourcesBuildPhase section */
		37D145AF1CAB31DB00B73728 /* Resources */ = {
			isa = PBXResourcesBuildPhase;
			buildActionMask = 2147483647;
			files = (
			);
			runOnlyForDeploymentPostprocessing = 0;
		};
		54D9EE731721543D00383762 /* Resources */ = {
			isa = PBXResourcesBuildPhase;
			buildActionMask = 2147483647;
			files = (
				54D9EE841721543D00383762 /* InfoPlist.strings in Resources */,
			);
			runOnlyForDeploymentPostprocessing = 0;
		};
		54E002A318C920F600B66BC3 /* Resources */ = {
			isa = PBXResourcesBuildPhase;
			buildActionMask = 2147483647;
			files = (
			);
			runOnlyForDeploymentPostprocessing = 0;
		};
		54E002B818C920F600B66BC3 /* Resources */ = {
			isa = PBXResourcesBuildPhase;
			buildActionMask = 2147483647;
			files = (
				37D146001CAB351D00B73728 /* InfoPlist.strings in Resources */,
			);
			runOnlyForDeploymentPostprocessing = 0;
		};
/* End PBXResourcesBuildPhase section */

/* Begin PBXSourcesBuildPhase section */
		37D145AC1CAB31DB00B73728 /* Sources */ = {
			isa = PBXSourcesBuildPhase;
			buildActionMask = 2147483647;
			files = (
				37D145E01CAB336900B73728 /* ASTFind.m in Sources */,
				37D145E61CAB336900B73728 /* ASTIntersection.m in Sources */,
				37D145DD1CAB336900B73728 /* ASTEmpty.m in Sources */,
				37D145EA1CAB336900B73728 /* ASTPick.m in Sources */,
				37D145DC1CAB336900B73728 /* ASTEach.m in Sources */,
				37D145EE1CAB336900B73728 /* ASTShuffle.m in Sources */,
				37D145F01CAB336900B73728 /* ASTSort.m in Sources */,
				37D145D81CAB336900B73728 /* ASTAll.m in Sources */,
				37D145E81CAB336900B73728 /* ASTMinMax.m in Sources */,
				37D145E51CAB336900B73728 /* ASTIndexOf.m in Sources */,
				37D145EB1CAB336900B73728 /* ASTPluck.m in Sources */,
				37D145F21CAB336900B73728 /* ASTUnion.m in Sources */,
				37D145DB1CAB336900B73728 /* ASTDifference.m in Sources */,
				37D145E91CAB336900B73728 /* ASTNegate.m in Sources */,
				37D145E21CAB336900B73728 /* ASTGroupBy.m in Sources */,
				37D145F31CAB336900B73728 /* ASTWithout.m in Sources */,
				37D145E41CAB336900B73728 /* ASTIndexBy.m in Sources */,
				37D145ED1CAB336900B73728 /* ASTReject.m in Sources */,
				37D145EF1CAB336900B73728 /* ASTSize.m in Sources */,
				37D145E71CAB336900B73728 /* ASTMap.m in Sources */,
				37D145E31CAB336900B73728 /* ASTHead.m in Sources */,
				37D145DF1CAB336900B73728 /* ASTFilter.m in Sources */,
				37D145F11CAB336900B73728 /* ASTTail.m in Sources */,
				37D145DA1CAB336900B73728 /* ASTDefaults.m in Sources */,
				37D145D91CAB336900B73728 /* ASTAny.m in Sources */,
				37D145DE1CAB336900B73728 /* ASTExtend.m in Sources */,
				37D145E11CAB336900B73728 /* ASTFlatten.m in Sources */,
				37D145EC1CAB336900B73728 /* ASTReduce.m in Sources */,
			);
			runOnlyForDeploymentPostprocessing = 0;
		};
		54D9EE711721543D00383762 /* Sources */ = {
			isa = PBXSourcesBuildPhase;
			buildActionMask = 2147483647;
			files = (
				37D146381CAC253B00B73728 /* ASTPickSpec.m in Sources */,
				37D146281CAB741A00B73728 /* ASTFlattenSpec.m in Sources */,
				37D146421CAC269700B73728 /* ASTSortSpec.m in Sources */,
				37D1461D1CAB71E100B73728 /* ASTDifferenceSpec.m in Sources */,
				37D1463E1CAC257300B73728 /* ASTRejectSpec.m in Sources */,
				37D146301CAC232100B73728 /* ASTIntersectionSpec.m in Sources */,
				37D146181CAB719600B73728 /* ASTAnySpec.m in Sources */,
				37D1462A1CAB743A00B73728 /* ASTGroupBySpec.m in Sources */,
				37D1461F1CAB720C00B73728 /* ASTEachSpec.m in Sources */,
				37D1462C1CAB74DE00B73728 /* ASTHeadSpec.m in Sources */,
				37D146341CAC243600B73728 /* ASTMinMaxSpec.m in Sources */,
				37D146481CAC26F300B73728 /* ASTUnionSpec.m in Sources */,
				37D146441CAC269E00B73728 /* ASTShuffleSpec.m in Sources */,
				37D1463A1CAC254700B73728 /* ASTPluckSpec.m in Sources */,
				37D146321CAC23BA00B73728 /* ASTMapSpec.m in Sources */,
				37D146261CAB73CF00B73728 /* ASTFindSpec.m in Sources */,
				37D146241CAB738A00B73728 /* ASTFilterSpec.m in Sources */,
				37D1461A1CAB71B000B73728 /* ASTDefaultsSpec.m in Sources */,
				54892BAE184AAFFE009CF268 /* ASTAllSpec.m in Sources */,
				37D1462E1CAB752400B73728 /* ASTIndexBySpec.m in Sources */,
				37D146221CAB736F00B73728 /* ASTExtendSpec.m in Sources */,
				37D1463C1CAC254E00B73728 /* ASTReduceSpec.m in Sources */,
				37D146201CAB735400B73728 /* ASTEmptySpec.m in Sources */,
				37D1464A1CAC273400B73728 /* ASTWithoutSpec.m in Sources */,
				37D146461CAC26E800B73728 /* ASTTailSpec.m in Sources */,
				37D146401CAC258000B73728 /* ASTSizeSpec.m in Sources */,
				37D146361CAC248F00B73728 /* ASTNegateSpec.m in Sources */,
				37D1464C1CAC2B0000B73728 /* ASTIndexOfSpec.m in Sources */,
			);
			runOnlyForDeploymentPostprocessing = 0;
		};
		54E002A018C920F600B66BC3 /* Sources */ = {
			isa = PBXSourcesBuildPhase;
			buildActionMask = 2147483647;
			files = (
				54E002D918C9217400B66BC3 /* ASTFind.m in Sources */,
				54E002DF18C9217400B66BC3 /* ASTIntersection.m in Sources */,
				54E002E918C9217400B66BC3 /* ASTTail.m in Sources */,
				54E002D618C9217400B66BC3 /* ASTEmpty.m in Sources */,
				54E002E318C9217400B66BC3 /* ASTPick.m in Sources */,
				54E002D518C9217400B66BC3 /* ASTEach.m in Sources */,
				54E002EB18C9217400B66BC3 /* ASTWithout.m in Sources */,
				54E002E718C9217400B66BC3 /* ASTShuffle.m in Sources */,
				5481CD9518E1911500342C59 /* ASTSort.m in Sources */,
				54E002D118C9217400B66BC3 /* ASTAll.m in Sources */,
				54E002EA18C9217400B66BC3 /* ASTUnion.m in Sources */,
				54E002E118C9217400B66BC3 /* ASTMinMax.m in Sources */,
				54E002DE18C9217400B66BC3 /* ASTIndexOf.m in Sources */,
				54E002E418C9217400B66BC3 /* ASTPluck.m in Sources */,
				54E002D418C9217400B66BC3 /* ASTDifference.m in Sources */,
				54E002E218C9217400B66BC3 /* ASTNegate.m in Sources */,
				54E002DB18C9217400B66BC3 /* ASTGroupBy.m in Sources */,
				54E002DD18C9217400B66BC3 /* ASTIndexBy.m in Sources */,
				54E002E618C9217400B66BC3 /* ASTReject.m in Sources */,
				54E002E818C9217400B66BC3 /* ASTSize.m in Sources */,
				54E002E018C9217400B66BC3 /* ASTMap.m in Sources */,
				54E002DC18C9217400B66BC3 /* ASTHead.m in Sources */,
				54E002D818C9217400B66BC3 /* ASTFilter.m in Sources */,
				54E002D318C9217400B66BC3 /* ASTDefaults.m in Sources */,
				54E002D218C9217400B66BC3 /* ASTAny.m in Sources */,
				54E002D718C9217400B66BC3 /* ASTExtend.m in Sources */,
				54E002DA18C9217400B66BC3 /* ASTFlatten.m in Sources */,
				54E002E518C9217400B66BC3 /* ASTReduce.m in Sources */,
			);
			runOnlyForDeploymentPostprocessing = 0;
		};
		54E002B618C920F600B66BC3 /* Sources */ = {
			isa = PBXSourcesBuildPhase;
			buildActionMask = 2147483647;
			files = (
				37D146391CAC253D00B73728 /* ASTPickSpec.m in Sources */,
				37D146291CAB741B00B73728 /* ASTFlattenSpec.m in Sources */,
				37D146431CAC269800B73728 /* ASTSortSpec.m in Sources */,
				37D1461C1CAB71E000B73728 /* ASTDifferenceSpec.m in Sources */,
				37D1463F1CAC257400B73728 /* ASTRejectSpec.m in Sources */,
				37D146311CAC232200B73728 /* ASTIntersectionSpec.m in Sources */,
				37D146191CAB719700B73728 /* ASTAnySpec.m in Sources */,
				37D1462B1CAB743B00B73728 /* ASTGroupBySpec.m in Sources */,
				37D1461E1CAB720B00B73728 /* ASTEachSpec.m in Sources */,
				37D1462D1CAB74DF00B73728 /* ASTHeadSpec.m in Sources */,
				37D146351CAC243800B73728 /* ASTMinMaxSpec.m in Sources */,
				37D146491CAC26F400B73728 /* ASTUnionSpec.m in Sources */,
				37D146451CAC269F00B73728 /* ASTShuffleSpec.m in Sources */,
				37D1463B1CAC254700B73728 /* ASTPluckSpec.m in Sources */,
				37D146331CAC23BB00B73728 /* ASTMapSpec.m in Sources */,
				37D146271CAB73D000B73728 /* ASTFindSpec.m in Sources */,
				37D146251CAB738B00B73728 /* ASTFilterSpec.m in Sources */,
				37D1461B1CAB71B100B73728 /* ASTDefaultsSpec.m in Sources */,
				54E0030B18C925F700B66BC3 /* ASTAllSpec.m in Sources */,
				37D1462F1CAB752400B73728 /* ASTIndexBySpec.m in Sources */,
				37D146231CAB736F00B73728 /* ASTExtendSpec.m in Sources */,
				37D1463D1CAC254F00B73728 /* ASTReduceSpec.m in Sources */,
				37D146211CAB735500B73728 /* ASTEmptySpec.m in Sources */,
				37D1464B1CAC273500B73728 /* ASTWithoutSpec.m in Sources */,
				37D146471CAC26E900B73728 /* ASTTailSpec.m in Sources */,
				37D146411CAC258100B73728 /* ASTSizeSpec.m in Sources */,
				37D146371CAC249000B73728 /* ASTNegateSpec.m in Sources */,
				37D1464D1CAC2B0100B73728 /* ASTIndexOfSpec.m in Sources */,
			);
			runOnlyForDeploymentPostprocessing = 0;
		};
/* End PBXSourcesBuildPhase section */

/* Begin PBXTargetDependency section */
		37D146161CAB6DD100B73728 /* PBXTargetDependency */ = {
			isa = PBXTargetDependency;
			target = 37D145B01CAB31DB00B73728 /* Asterism-iOS */;
			targetProxy = 37D146151CAB6DD100B73728 /* PBXContainerItemProxy */;
		};
		54E002BF18C920F600B66BC3 /* PBXTargetDependency */ = {
			isa = PBXTargetDependency;
			target = 54E002A418C920F600B66BC3 /* Asterism-OSX */;
			targetProxy = 54E002BE18C920F600B66BC3 /* PBXContainerItemProxy */;
		};
/* End PBXTargetDependency section */

/* Begin PBXVariantGroup section */
		54D9EE821721543D00383762 /* InfoPlist.strings */ = {
			isa = PBXVariantGroup;
			children = (
				54D9EE831721543D00383762 /* en */,
			);
			name = InfoPlist.strings;
			sourceTree = "<group>";
		};
/* End PBXVariantGroup section */

/* Begin XCBuildConfiguration section */
		37D145B71CAB31DB00B73728 /* Debug */ = {
			isa = XCBuildConfiguration;
			buildSettings = {
				CLANG_ENABLE_MODULES = YES;
				CLANG_WARN_BOOL_CONVERSION = YES;
				CLANG_WARN_DIRECT_OBJC_ISA_USAGE = YES_ERROR;
				CLANG_WARN_OBJC_ROOT_CLASS = YES_ERROR;
				CLANG_WARN_UNREACHABLE_CODE = YES;
				"CODE_SIGN_IDENTITY[sdk=iphoneos*]" = "iPhone Developer";
				CURRENT_PROJECT_VERSION = 1;
				DEBUG_INFORMATION_FORMAT = dwarf;
				DEFINES_MODULE = YES;
				DYLIB_COMPATIBILITY_VERSION = 1;
				DYLIB_CURRENT_VERSION = 1;
				DYLIB_INSTALL_NAME_BASE = "@rpath";
				ENABLE_STRICT_OBJC_MSGSEND = YES;
				GCC_NO_COMMON_BLOCKS = YES;
				GCC_PRECOMPILE_PREFIX_HEADER = YES;
				GCC_PREFIX_HEADER = "Asterism/Asterism-Prefix.pch";
				GCC_WARN_64_TO_32_BIT_CONVERSION = YES;
				GCC_WARN_ABOUT_RETURN_TYPE = YES_ERROR;
				GCC_WARN_UNDECLARED_SELECTOR = YES;
				GCC_WARN_UNINITIALIZED_AUTOS = YES_AGGRESSIVE;
				GCC_WARN_UNUSED_FUNCTION = YES;
				INFOPLIST_FILE = "Asterism/Asterism-Info.plist";
				INSTALL_PATH = "$(LOCAL_LIBRARY_DIR)/Frameworks";
				IPHONEOS_DEPLOYMENT_TARGET = 9.2;
				LD_RUNPATH_SEARCH_PATHS = "$(inherited) @executable_path/Frameworks @loader_path/Frameworks";
				MTL_ENABLE_DEBUG_INFO = YES;
				PRODUCT_BUNDLE_IDENTIFIER = "com.robertboehnke.Asterism-iOS";
				PRODUCT_NAME = Asterism;
				SKIP_INSTALL = YES;
				TARGETED_DEVICE_FAMILY = "1,2";
				VERSIONING_SYSTEM = "apple-generic";
			};
			name = Debug;
		};
		37D145B81CAB31DB00B73728 /* Release */ = {
			isa = XCBuildConfiguration;
			buildSettings = {
				CLANG_ENABLE_MODULES = YES;
				CLANG_WARN_BOOL_CONVERSION = YES;
				CLANG_WARN_DIRECT_OBJC_ISA_USAGE = YES_ERROR;
				CLANG_WARN_OBJC_ROOT_CLASS = YES_ERROR;
				CLANG_WARN_UNREACHABLE_CODE = YES;
				"CODE_SIGN_IDENTITY[sdk=iphoneos*]" = "iPhone Developer";
				COPY_PHASE_STRIP = NO;
				CURRENT_PROJECT_VERSION = 1;
				DEBUG_INFORMATION_FORMAT = "dwarf-with-dsym";
				DEFINES_MODULE = YES;
				DYLIB_COMPATIBILITY_VERSION = 1;
				DYLIB_CURRENT_VERSION = 1;
				DYLIB_INSTALL_NAME_BASE = "@rpath";
				ENABLE_NS_ASSERTIONS = NO;
				ENABLE_STRICT_OBJC_MSGSEND = YES;
				GCC_NO_COMMON_BLOCKS = YES;
				GCC_PRECOMPILE_PREFIX_HEADER = YES;
				GCC_PREFIX_HEADER = "Asterism/Asterism-Prefix.pch";
				GCC_WARN_64_TO_32_BIT_CONVERSION = YES;
				GCC_WARN_ABOUT_RETURN_TYPE = YES_ERROR;
				GCC_WARN_UNDECLARED_SELECTOR = YES;
				GCC_WARN_UNINITIALIZED_AUTOS = YES_AGGRESSIVE;
				GCC_WARN_UNUSED_FUNCTION = YES;
				INFOPLIST_FILE = "Asterism/Asterism-Info.plist";
				INSTALL_PATH = "$(LOCAL_LIBRARY_DIR)/Frameworks";
				IPHONEOS_DEPLOYMENT_TARGET = 9.2;
				LD_RUNPATH_SEARCH_PATHS = "$(inherited) @executable_path/Frameworks @loader_path/Frameworks";
				MTL_ENABLE_DEBUG_INFO = NO;
				PRODUCT_BUNDLE_IDENTIFIER = "com.robertboehnke.Asterism-iOS";
				PRODUCT_NAME = Asterism;
				SKIP_INSTALL = YES;
				TARGETED_DEVICE_FAMILY = "1,2";
				VERSIONING_SYSTEM = "apple-generic";
			};
			name = Release;
		};
		54D9EE881721543D00383762 /* Debug */ = {
			isa = XCBuildConfiguration;
			buildSettings = {
				ALWAYS_SEARCH_USER_PATHS = NO;
				CLANG_ANALYZER_LOCALIZABILITY_NONLOCALIZED = YES;
				CLANG_CXX_LANGUAGE_STANDARD = "gnu++0x";
				CLANG_CXX_LIBRARY = "libc++";
				CLANG_ENABLE_MODULES = YES;
				CLANG_ENABLE_OBJC_ARC = YES;
				CLANG_WARN_BLOCK_CAPTURE_AUTORELEASING = YES;
				CLANG_WARN_BOOL_CONVERSION = YES;
				CLANG_WARN_COMMA = YES;
				CLANG_WARN_CONSTANT_CONVERSION = YES;
				CLANG_WARN_DEPRECATED_OBJC_IMPLEMENTATIONS = YES;
				CLANG_WARN_DOCUMENTATION_COMMENTS = YES;
				CLANG_WARN_EMPTY_BODY = YES;
				CLANG_WARN_ENUM_CONVERSION = YES;
				CLANG_WARN_INFINITE_RECURSION = YES;
				CLANG_WARN_INT_CONVERSION = YES;
				CLANG_WARN_NON_LITERAL_NULL_CONVERSION = YES;
				CLANG_WARN_OBJC_IMPLICIT_RETAIN_SELF = YES;
				CLANG_WARN_OBJC_LITERAL_CONVERSION = YES;
				CLANG_WARN_RANGE_LOOP_ANALYSIS = YES;
				CLANG_WARN_STRICT_PROTOTYPES = YES;
				CLANG_WARN_SUSPICIOUS_MOVE = YES;
				CLANG_WARN_UNREACHABLE_CODE = YES;
				CLANG_WARN__DUPLICATE_METHOD_MATCH = YES;
				COPY_PHASE_STRIP = NO;
				ENABLE_STRICT_OBJC_MSGSEND = YES;
				ENABLE_TESTABILITY = YES;
				GCC_C_LANGUAGE_STANDARD = gnu99;
				GCC_DYNAMIC_NO_PIC = NO;
				GCC_NO_COMMON_BLOCKS = YES;
				GCC_OPTIMIZATION_LEVEL = 0;
				GCC_PREPROCESSOR_DEFINITIONS = (
					"DEBUG=1",
					"$(inherited)",
				);
				GCC_SYMBOLS_PRIVATE_EXTERN = NO;
				GCC_WARN_64_TO_32_BIT_CONVERSION = YES;
				GCC_WARN_ABOUT_RETURN_TYPE = YES;
				GCC_WARN_UNDECLARED_SELECTOR = YES;
				GCC_WARN_UNINITIALIZED_AUTOS = YES;
				GCC_WARN_UNUSED_FUNCTION = YES;
				GCC_WARN_UNUSED_VARIABLE = YES;
				IPHONEOS_DEPLOYMENT_TARGET = 9.2;
				MACOSX_DEPLOYMENT_TARGET = 10.9;
				ONLY_ACTIVE_ARCH = YES;
				SDKROOT = iphoneos;
			};
			name = Debug;
		};
		54D9EE891721543D00383762 /* Release */ = {
			isa = XCBuildConfiguration;
			buildSettings = {
				ALWAYS_SEARCH_USER_PATHS = NO;
				CLANG_ANALYZER_LOCALIZABILITY_NONLOCALIZED = YES;
				CLANG_CXX_LANGUAGE_STANDARD = "gnu++0x";
				CLANG_CXX_LIBRARY = "libc++";
				CLANG_ENABLE_MODULES = YES;
				CLANG_ENABLE_OBJC_ARC = YES;
				CLANG_WARN_BLOCK_CAPTURE_AUTORELEASING = YES;
				CLANG_WARN_BOOL_CONVERSION = YES;
				CLANG_WARN_COMMA = YES;
				CLANG_WARN_CONSTANT_CONVERSION = YES;
				CLANG_WARN_DEPRECATED_OBJC_IMPLEMENTATIONS = YES;
				CLANG_WARN_DOCUMENTATION_COMMENTS = YES;
				CLANG_WARN_EMPTY_BODY = YES;
				CLANG_WARN_ENUM_CONVERSION = YES;
				CLANG_WARN_INFINITE_RECURSION = YES;
				CLANG_WARN_INT_CONVERSION = YES;
				CLANG_WARN_NON_LITERAL_NULL_CONVERSION = YES;
				CLANG_WARN_OBJC_IMPLICIT_RETAIN_SELF = YES;
				CLANG_WARN_OBJC_LITERAL_CONVERSION = YES;
				CLANG_WARN_RANGE_LOOP_ANALYSIS = YES;
				CLANG_WARN_STRICT_PROTOTYPES = YES;
				CLANG_WARN_SUSPICIOUS_MOVE = YES;
				CLANG_WARN_UNREACHABLE_CODE = YES;
				CLANG_WARN__DUPLICATE_METHOD_MATCH = YES;
				COPY_PHASE_STRIP = YES;
				ENABLE_STRICT_OBJC_MSGSEND = YES;
				ENABLE_TESTABILITY = YES;
				GCC_C_LANGUAGE_STANDARD = gnu99;
				GCC_NO_COMMON_BLOCKS = YES;
				GCC_WARN_64_TO_32_BIT_CONVERSION = YES;
				GCC_WARN_ABOUT_RETURN_TYPE = YES;
				GCC_WARN_UNDECLARED_SELECTOR = YES;
				GCC_WARN_UNINITIALIZED_AUTOS = YES;
				GCC_WARN_UNUSED_FUNCTION = YES;
				GCC_WARN_UNUSED_VARIABLE = YES;
				IPHONEOS_DEPLOYMENT_TARGET = 9.2;
				MACOSX_DEPLOYMENT_TARGET = 10.9;
				SDKROOT = iphoneos;
				VALIDATE_PRODUCT = YES;
			};
			name = Release;
		};
		54D9EE8E1721543D00383762 /* Debug */ = {
			isa = XCBuildConfiguration;
			buildSettings = {
				ALWAYS_EMBED_SWIFT_STANDARD_LIBRARIES = YES;
				CLANG_ENABLE_MODULES = YES;
				GCC_PRECOMPILE_PREFIX_HEADER = YES;
				GCC_PREFIX_HEADER = "Specs/Specs-Prefix.pch";
				INFOPLIST_FILE = "Specs/Specs-Info.plist";
				LD_RUNPATH_SEARCH_PATHS = "$(inherited) @executable_path/Frameworks @loader_path/Frameworks";
				PRODUCT_BUNDLE_IDENTIFIER = "com.robertboehnke.${PRODUCT_NAME:rfc1034identifier}";
				PRODUCT_NAME = AsterismSpecs;
				SWIFT_OBJC_BRIDGING_HEADER = "Specs/AsterismSpecs-Bridging-Header.h";
				SWIFT_OPTIMIZATION_LEVEL = "-Onone";
				WRAPPER_EXTENSION = xctest;
			};
			name = Debug;
		};
		54D9EE8F1721543D00383762 /* Release */ = {
			isa = XCBuildConfiguration;
			buildSettings = {
				ALWAYS_EMBED_SWIFT_STANDARD_LIBRARIES = YES;
				CLANG_ENABLE_MODULES = YES;
				GCC_PRECOMPILE_PREFIX_HEADER = YES;
				GCC_PREFIX_HEADER = "Specs/Specs-Prefix.pch";
				INFOPLIST_FILE = "Specs/Specs-Info.plist";
				LD_RUNPATH_SEARCH_PATHS = "$(inherited) @executable_path/Frameworks @loader_path/Frameworks";
				PRODUCT_BUNDLE_IDENTIFIER = "com.robertboehnke.${PRODUCT_NAME:rfc1034identifier}";
				PRODUCT_NAME = AsterismSpecs;
				SWIFT_OBJC_BRIDGING_HEADER = "Specs/AsterismSpecs-Bridging-Header.h";
				WRAPPER_EXTENSION = xctest;
			};
			name = Release;
		};
		54E002C918C920F600B66BC3 /* Debug */ = {
			isa = XCBuildConfiguration;
			buildSettings = {
				CLANG_WARN_BOOL_CONVERSION = YES;
				CLANG_WARN_DIRECT_OBJC_ISA_USAGE = YES_ERROR;
				CLANG_WARN_OBJC_ROOT_CLASS = YES_ERROR;
				COMBINE_HIDPI_IMAGES = YES;
				DYLIB_COMPATIBILITY_VERSION = 1;
				DYLIB_CURRENT_VERSION = 1;
				FRAMEWORK_SEARCH_PATHS = (
					"$(inherited)",
					"$(DEVELOPER_FRAMEWORKS_DIR)",
				);
				FRAMEWORK_VERSION = A;
				GCC_ENABLE_OBJC_EXCEPTIONS = YES;
				GCC_PRECOMPILE_PREFIX_HEADER = YES;
				GCC_PREFIX_HEADER = "Asterism/Asterism-Prefix.pch";
				GCC_PREPROCESSOR_DEFINITIONS = (
					"DEBUG=1",
					"$(inherited)",
				);
				GCC_WARN_64_TO_32_BIT_CONVERSION = YES;
				GCC_WARN_ABOUT_RETURN_TYPE = YES_ERROR;
				GCC_WARN_UNDECLARED_SELECTOR = YES;
				GCC_WARN_UNUSED_FUNCTION = YES;
				INFOPLIST_FILE = "Asterism/Asterism-Info.plist";
				MACOSX_DEPLOYMENT_TARGET = 10.9;
				PRODUCT_BUNDLE_IDENTIFIER = "com.robertboehnke.Asterism-OSX";
				PRODUCT_NAME = Asterism;
				SDKROOT = macosx;
				SKIP_INSTALL = YES;
				WRAPPER_EXTENSION = framework;
			};
			name = Debug;
		};
		54E002CA18C920F600B66BC3 /* Release */ = {
			isa = XCBuildConfiguration;
			buildSettings = {
				CLANG_WARN_BOOL_CONVERSION = YES;
				CLANG_WARN_DIRECT_OBJC_ISA_USAGE = YES_ERROR;
				CLANG_WARN_OBJC_ROOT_CLASS = YES_ERROR;
				COMBINE_HIDPI_IMAGES = YES;
				DEBUG_INFORMATION_FORMAT = "dwarf-with-dsym";
				DYLIB_COMPATIBILITY_VERSION = 1;
				DYLIB_CURRENT_VERSION = 1;
				ENABLE_NS_ASSERTIONS = NO;
				FRAMEWORK_SEARCH_PATHS = (
					"$(inherited)",
					"$(DEVELOPER_FRAMEWORKS_DIR)",
				);
				FRAMEWORK_VERSION = A;
				GCC_ENABLE_OBJC_EXCEPTIONS = YES;
				GCC_PRECOMPILE_PREFIX_HEADER = YES;
				GCC_PREFIX_HEADER = "Asterism/Asterism-Prefix.pch";
				GCC_WARN_64_TO_32_BIT_CONVERSION = YES;
				GCC_WARN_ABOUT_RETURN_TYPE = YES_ERROR;
				GCC_WARN_UNDECLARED_SELECTOR = YES;
				GCC_WARN_UNUSED_FUNCTION = YES;
				INFOPLIST_FILE = "Asterism/Asterism-Info.plist";
				MACOSX_DEPLOYMENT_TARGET = 10.9;
				PRODUCT_BUNDLE_IDENTIFIER = "com.robertboehnke.Asterism-OSX";
				PRODUCT_NAME = Asterism;
				SDKROOT = macosx;
				SKIP_INSTALL = YES;
				WRAPPER_EXTENSION = framework;
			};
			name = Release;
		};
		54E002CB18C920F600B66BC3 /* Debug */ = {
			isa = XCBuildConfiguration;
			buildSettings = {
				ALWAYS_EMBED_SWIFT_STANDARD_LIBRARIES = YES;
				CLANG_ENABLE_MODULES = YES;
				CLANG_WARN_BOOL_CONVERSION = YES;
				CLANG_WARN_DIRECT_OBJC_ISA_USAGE = YES_ERROR;
				CLANG_WARN_OBJC_ROOT_CLASS = YES_ERROR;
				COMBINE_HIDPI_IMAGES = YES;
				GCC_ENABLE_OBJC_EXCEPTIONS = YES;
				GCC_PRECOMPILE_PREFIX_HEADER = YES;
				GCC_PREFIX_HEADER = "Specs/Specs-Prefix.pch";
				GCC_PREPROCESSOR_DEFINITIONS = (
					"DEBUG=1",
					"$(inherited)",
				);
				GCC_WARN_64_TO_32_BIT_CONVERSION = YES;
				GCC_WARN_ABOUT_RETURN_TYPE = YES_ERROR;
				GCC_WARN_UNDECLARED_SELECTOR = YES;
				GCC_WARN_UNUSED_FUNCTION = YES;
				INFOPLIST_FILE = "Asterism/Asterism-Info.plist";
				LD_RUNPATH_SEARCH_PATHS = "$(inherited) @executable_path/../Frameworks @loader_path/../Frameworks";
				MACOSX_DEPLOYMENT_TARGET = 10.9;
				PRODUCT_NAME = AsterismSpecs;
				SDKROOT = macosx;
				SWIFT_OBJC_BRIDGING_HEADER = "Specs/AsterismSpecs-Bridging-Header.h";
				SWIFT_OPTIMIZATION_LEVEL = "-Onone";
				TEST_HOST = "$(BUNDLE_LOADER)";
				WRAPPER_EXTENSION = xctest;
			};
			name = Debug;
		};
		54E002CC18C920F600B66BC3 /* Release */ = {
			isa = XCBuildConfiguration;
			buildSettings = {
				ALWAYS_EMBED_SWIFT_STANDARD_LIBRARIES = YES;
				CLANG_ENABLE_MODULES = YES;
				CLANG_WARN_BOOL_CONVERSION = YES;
				CLANG_WARN_DIRECT_OBJC_ISA_USAGE = YES_ERROR;
				CLANG_WARN_OBJC_ROOT_CLASS = YES_ERROR;
				COMBINE_HIDPI_IMAGES = YES;
				DEBUG_INFORMATION_FORMAT = "dwarf-with-dsym";
				ENABLE_NS_ASSERTIONS = NO;
				GCC_ENABLE_OBJC_EXCEPTIONS = YES;
				GCC_PRECOMPILE_PREFIX_HEADER = YES;
				GCC_PREFIX_HEADER = "Specs/Specs-Prefix.pch";
				GCC_WARN_64_TO_32_BIT_CONVERSION = YES;
				GCC_WARN_ABOUT_RETURN_TYPE = YES_ERROR;
				GCC_WARN_UNDECLARED_SELECTOR = YES;
				GCC_WARN_UNUSED_FUNCTION = YES;
				INFOPLIST_FILE = "Asterism/Asterism-Info.plist";
				LD_RUNPATH_SEARCH_PATHS = "$(inherited) @executable_path/../Frameworks @loader_path/../Frameworks";
				MACOSX_DEPLOYMENT_TARGET = 10.9;
				PRODUCT_NAME = AsterismSpecs;
				SDKROOT = macosx;
				SWIFT_OBJC_BRIDGING_HEADER = "Specs/AsterismSpecs-Bridging-Header.h";
				TEST_HOST = "$(BUNDLE_LOADER)";
				WRAPPER_EXTENSION = xctest;
			};
			name = Release;
		};
/* End XCBuildConfiguration section */

/* Begin XCConfigurationList section */
		37D145B61CAB31DB00B73728 /* Build configuration list for PBXNativeTarget "Asterism-iOS" */ = {
			isa = XCConfigurationList;
			buildConfigurations = (
				37D145B71CAB31DB00B73728 /* Debug */,
				37D145B81CAB31DB00B73728 /* Release */,
			);
			defaultConfigurationIsVisible = 0;
			defaultConfigurationName = Release;
		};
		54D9EE601721543D00383762 /* Build configuration list for PBXProject "Asterism" */ = {
			isa = XCConfigurationList;
			buildConfigurations = (
				54D9EE881721543D00383762 /* Debug */,
				54D9EE891721543D00383762 /* Release */,
			);
			defaultConfigurationIsVisible = 0;
			defaultConfigurationName = Release;
		};
		54D9EE8D1721543D00383762 /* Build configuration list for PBXNativeTarget "AsterismSpecs-iOS" */ = {
			isa = XCConfigurationList;
			buildConfigurations = (
				54D9EE8E1721543D00383762 /* Debug */,
				54D9EE8F1721543D00383762 /* Release */,
			);
			defaultConfigurationIsVisible = 0;
			defaultConfigurationName = Release;
		};
		54E002CD18C920F600B66BC3 /* Build configuration list for PBXNativeTarget "Asterism-OSX" */ = {
			isa = XCConfigurationList;
			buildConfigurations = (
				54E002C918C920F600B66BC3 /* Debug */,
				54E002CA18C920F600B66BC3 /* Release */,
			);
			defaultConfigurationIsVisible = 0;
			defaultConfigurationName = Release;
		};
		54E002CE18C920F600B66BC3 /* Build configuration list for PBXNativeTarget "AsterismSpecs-OSX" */ = {
			isa = XCConfigurationList;
			buildConfigurations = (
				54E002CB18C920F600B66BC3 /* Debug */,
				54E002CC18C920F600B66BC3 /* Release */,
			);
			defaultConfigurationIsVisible = 0;
			defaultConfigurationName = Release;
		};
/* End XCConfigurationList section */
	};
	rootObject = 54D9EE5D1721543D00383762 /* Project object */;
}
