// !$*UTF8*$!
{
	archiveVersion = 1;
	classes = {
	};
	objectVersion = 46;
	objects = {

/* Begin PBXBuildFile section */
		357F376323C41EF675D2B956 /* ASTPartial.m in Sources */ = {isa = PBXBuildFile; fileRef = 357F3336A1371659B3130FB0 /* ASTPartial.m */; };
		5410F3EE1777362500124E45 /* ASTFind.m in Sources */ = {isa = PBXBuildFile; fileRef = 5410F3ED177734E700124E45 /* ASTFind.m */; };
		5424E957183D80E800E4EC51 /* ASTDefaultsSpec.m in Sources */ = {isa = PBXBuildFile; fileRef = 5424E956183D80E800E4EC51 /* ASTDefaultsSpec.m */; };
		542C1CB817520F560013D41E /* ASTReduce.m in Sources */ = {isa = PBXBuildFile; fileRef = 542C1CB717520F560013D41E /* ASTReduce.m */; };
		542C1CBA175214B90013D41E /* ASTReduceSpec.m in Sources */ = {isa = PBXBuildFile; fileRef = 542C1CB9175214B90013D41E /* ASTReduceSpec.m */; };
		546B5FEE176346AE00AE3EBC /* ASTPartialSpec.m in Sources */ = {isa = PBXBuildFile; fileRef = 546B5FED176346AE00AE3EBC /* ASTPartialSpec.m */; };
		549B7264175CFE6700E6A378 /* ASTReject.m in Sources */ = {isa = PBXBuildFile; fileRef = 549B7263175CFE6700E6A378 /* ASTReject.m */; };
		549B7268175D07CF00E6A378 /* ASTNegate.m in Sources */ = {isa = PBXBuildFile; fileRef = 549B7267175D07CF00E6A378 /* ASTNegate.m */; };
		549B726A175D08E400E6A378 /* ASTRejectSpec.m in Sources */ = {isa = PBXBuildFile; fileRef = 549B7269175D08E400E6A378 /* ASTRejectSpec.m */; };
		549B726C175D097100E6A378 /* ASTNegateSpec.m in Sources */ = {isa = PBXBuildFile; fileRef = 549B726B175D097100E6A378 /* ASTNegateSpec.m */; };
		549DFB8A175E4DD2005CAD4A /* ASTGroup.m in Sources */ = {isa = PBXBuildFile; fileRef = 549DFB89175E4DD2005CAD4A /* ASTGroup.m */; };
		549DFB8E175E5526005CAD4A /* ASTGroupSpec.m in Sources */ = {isa = PBXBuildFile; fileRef = 549DFB8D175E5526005CAD4A /* ASTGroupSpec.m */; };
		54A0BB2C175E5F5C001D06E2 /* ASTMinMax.m in Sources */ = {isa = PBXBuildFile; fileRef = 54A0BB2B175E5F5C001D06E2 /* ASTMinMax.m */; };
		54A0BB2E175E647E001D06E2 /* ASTMinMaxSpec.m in Sources */ = {isa = PBXBuildFile; fileRef = 54A0BB2D175E647E001D06E2 /* ASTMinMaxSpec.m */; };
		54A13FCE184222F900CEC841 /* ASTExtend.m in Sources */ = {isa = PBXBuildFile; fileRef = 54A13FCD184222F900CEC841 /* ASTExtend.m */; };
		54A13FD01842277300CEC841 /* ASTExtendSpec.m in Sources */ = {isa = PBXBuildFile; fileRef = 54A13FCF1842277300CEC841 /* ASTExtendSpec.m */; };
		54A72CBF175D0F5000D9A05E /* ASTPluck.m in Sources */ = {isa = PBXBuildFile; fileRef = 54A72CBE175D0F4F00D9A05E /* ASTPluck.m */; };
		54A72CC1175D0FD500D9A05E /* ASTPluckSpec.m in Sources */ = {isa = PBXBuildFile; fileRef = 54A72CC0175D0FD400D9A05E /* ASTPluckSpec.m */; };
		54A7FD3E175CDCCE004A7541 /* LiftTestClassA.m in Sources */ = {isa = PBXBuildFile; fileRef = 54A7FD3D175CDCCE004A7541 /* LiftTestClassA.m */; };
		54A7FD41175CDCF9004A7541 /* LiftTestClassB.m in Sources */ = {isa = PBXBuildFile; fileRef = 54A7FD40175CDCF9004A7541 /* LiftTestClassB.m */; };
		54A7FD43175CE45D004A7541 /* ASTFilterSpec.m in Sources */ = {isa = PBXBuildFile; fileRef = 54A7FD42175CE45D004A7541 /* ASTFilterSpec.m */; };
		54AD1DF617AF31130001971C /* ASTEmpty.m in Sources */ = {isa = PBXBuildFile; fileRef = 54AD1DF517AF31130001971C /* ASTEmpty.m */; };
		54AD1DF817AF31FD0001971C /* ASTEmptySpec.m in Sources */ = {isa = PBXBuildFile; fileRef = 54AD1DF717AF31FD0001971C /* ASTEmptySpec.m */; };
		54CA8D1C177739B8001BCD9F /* ASTFindSpec.m in Sources */ = {isa = PBXBuildFile; fileRef = 54CA8D1B1777396E001BCD9F /* ASTFindSpec.m */; };
		54CE84BB174D74E1006F960A /* ASTMap.m in Sources */ = {isa = PBXBuildFile; fileRef = 54CE84BA174D74E1006F960A /* ASTMap.m */; };
		54CE84BD174D78C0006F960A /* ASTMapSpec.m in Sources */ = {isa = PBXBuildFile; fileRef = 54CE84BC174D78C0006F960A /* ASTMapSpec.m */; };
		54CE84C0174D839E006F960A /* ASTLift.m in Sources */ = {isa = PBXBuildFile; fileRef = 54CE84BF174D839E006F960A /* ASTLift.m */; };
		54CE84C2174D93A6006F960A /* ASTLiftSpec.m in Sources */ = {isa = PBXBuildFile; fileRef = 54CE84C1174D93A6006F960A /* ASTLiftSpec.m */; };
		54D9EE691721543D00383762 /* Foundation.framework in Frameworks */ = {isa = PBXBuildFile; fileRef = 54D9EE681721543D00383762 /* Foundation.framework */; };
		54D9EE6E1721543D00383762 /* Asterism.h in CopyFiles */ = {isa = PBXBuildFile; fileRef = 54D9EE6D1721543D00383762 /* Asterism.h */; };
		54D9EE781721543D00383762 /* SenTestingKit.framework in Frameworks */ = {isa = PBXBuildFile; fileRef = 54D9EE771721543D00383762 /* SenTestingKit.framework */; };
		54D9EE7A1721543D00383762 /* UIKit.framework in Frameworks */ = {isa = PBXBuildFile; fileRef = 54D9EE791721543D00383762 /* UIKit.framework */; };
		54D9EE7B1721543D00383762 /* Foundation.framework in Frameworks */ = {isa = PBXBuildFile; fileRef = 54D9EE681721543D00383762 /* Foundation.framework */; };
		54D9EE7E1721543D00383762 /* libAsterism.a in Frameworks */ = {isa = PBXBuildFile; fileRef = 54D9EE651721543D00383762 /* libAsterism.a */; };
		54D9EE841721543D00383762 /* InfoPlist.strings in Resources */ = {isa = PBXBuildFile; fileRef = 54D9EE821721543D00383762 /* InfoPlist.strings */; };
		54DDBE271837EB05002EAEB3 /* ASTDefaults.m in Sources */ = {isa = PBXBuildFile; fileRef = 54DDBE261837EB05002EAEB3 /* ASTDefaults.m */; };
		54E0ED6B175A0D5B0076C6EA /* ASTHead.m in Sources */ = {isa = PBXBuildFile; fileRef = 54E0ED6A175A0D5B0076C6EA /* ASTHead.m */; };
		54E0ED6D175A0DF00076C6EA /* ASTHeadSpec.m in Sources */ = {isa = PBXBuildFile; fileRef = 54E0ED6C175A0DF00076C6EA /* ASTHeadSpec.m */; };
		54E0ED70175A0FAC0076C6EA /* ASTTail.m in Sources */ = {isa = PBXBuildFile; fileRef = 54E0ED6F175A0FAC0076C6EA /* ASTTail.m */; };
		54E0ED72175A146B0076C6EA /* ASTTailSpec.m in Sources */ = {isa = PBXBuildFile; fileRef = 54E0ED71175A146B0076C6EA /* ASTTailSpec.m */; };
		54E0ED75175A1ABD0076C6EA /* ASTFilter.m in Sources */ = {isa = PBXBuildFile; fileRef = 54E0ED74175A1ABD0076C6EA /* ASTFilter.m */; };
		54E1B64817215678008A2175 /* ASTEach.m in Sources */ = {isa = PBXBuildFile; fileRef = 54E1B64717215678008A2175 /* ASTEach.m */; };
		54E1B64A17215783008A2175 /* ASTEachSpec.m in Sources */ = {isa = PBXBuildFile; fileRef = 54E1B64917215783008A2175 /* ASTEachSpec.m */; };
		54FE96DE17704C7F006F40AC /* ASTDifference.m in Sources */ = {isa = PBXBuildFile; fileRef = 54FE96DD17704C7F006F40AC /* ASTDifference.m */; };
		54FE96E017704FF7006F40AC /* ASTDifferenceSpec.m in Sources */ = {isa = PBXBuildFile; fileRef = 54FE96DF17704FF7006F40AC /* ASTDifferenceSpec.m */; };
		54FE96E3177053FE006F40AC /* ASTUnion.m in Sources */ = {isa = PBXBuildFile; fileRef = 54FE96E2177053FE006F40AC /* ASTUnion.m */; };
		54FE96E517705560006F40AC /* ASTUnionSpec.m in Sources */ = {isa = PBXBuildFile; fileRef = 54FE96E417705560006F40AC /* ASTUnionSpec.m */; };
		54FE96ED17706265006F40AC /* ASTIntersection.m in Sources */ = {isa = PBXBuildFile; fileRef = 54FE96EC17706265006F40AC /* ASTIntersection.m */; };
		54FE96EF177068B2006F40AC /* ASTIntersectionSpec.m in Sources */ = {isa = PBXBuildFile; fileRef = 54FE96EE177068B2006F40AC /* ASTIntersectionSpec.m */; };
		6DA0E311E2FE4D0091F50B0D /* libPods-Specs.a in Frameworks */ = {isa = PBXBuildFile; fileRef = B82A91E23E8448D2861527C1 /* libPods-Specs.a */; };
		DCF5756E18427BE900F0989B /* ASTFlatten.m in Sources */ = {isa = PBXBuildFile; fileRef = DCF5756D18427BE900F0989B /* ASTFlatten.m */; };
		DCF5757118427F5200F0989B /* ASTFlattenSpec.m in Sources */ = {isa = PBXBuildFile; fileRef = DCF5757018427F5200F0989B /* ASTFlattenSpec.m */; };
/* End PBXBuildFile section */

/* Begin PBXContainerItemProxy section */
		54D9EE7C1721543D00383762 /* PBXContainerItemProxy */ = {
			isa = PBXContainerItemProxy;
			containerPortal = 54D9EE5D1721543D00383762 /* Project object */;
			proxyType = 1;
			remoteGlobalIDString = 54D9EE641721543D00383762;
			remoteInfo = Asterism;
		};
/* End PBXContainerItemProxy section */

/* Begin PBXCopyFilesBuildPhase section */
		54D9EE631721543D00383762 /* CopyFiles */ = {
			isa = PBXCopyFilesBuildPhase;
			buildActionMask = 2147483647;
			dstPath = "include/${PRODUCT_NAME}";
			dstSubfolderSpec = 16;
			files = (
				54D9EE6E1721543D00383762 /* Asterism.h in CopyFiles */,
			);
			runOnlyForDeploymentPostprocessing = 0;
		};
/* End PBXCopyFilesBuildPhase section */

/* Begin PBXFileReference section */
		357F3336A1371659B3130FB0 /* ASTPartial.m */ = {isa = PBXFileReference; fileEncoding = 4; lastKnownFileType = sourcecode.c.objc; path = ASTPartial.m; sourceTree = "<group>"; };
		357F33ED9E93F83753910F7F /* ASTPartial.h */ = {isa = PBXFileReference; fileEncoding = 4; lastKnownFileType = sourcecode.c.h; path = ASTPartial.h; sourceTree = "<group>"; };
		5410F3EC177734E700124E45 /* ASTFind.h */ = {isa = PBXFileReference; lastKnownFileType = sourcecode.c.h; path = ASTFind.h; sourceTree = "<group>"; };
		5410F3ED177734E700124E45 /* ASTFind.m */ = {isa = PBXFileReference; lastKnownFileType = sourcecode.c.objc; path = ASTFind.m; sourceTree = "<group>"; };
		5424E956183D80E800E4EC51 /* ASTDefaultsSpec.m */ = {isa = PBXFileReference; fileEncoding = 4; lastKnownFileType = sourcecode.c.objc; path = ASTDefaultsSpec.m; sourceTree = "<group>"; };
		542C1CB517514FE00013D41E /* metamacros.h */ = {isa = PBXFileReference; fileEncoding = 4; lastKnownFileType = sourcecode.c.h; path = metamacros.h; sourceTree = "<group>"; };
		542C1CB617520F560013D41E /* ASTReduce.h */ = {isa = PBXFileReference; fileEncoding = 4; lastKnownFileType = sourcecode.c.h; path = ASTReduce.h; sourceTree = "<group>"; };
		542C1CB717520F560013D41E /* ASTReduce.m */ = {isa = PBXFileReference; fileEncoding = 4; lastKnownFileType = sourcecode.c.objc; path = ASTReduce.m; sourceTree = "<group>"; };
		542C1CB9175214B90013D41E /* ASTReduceSpec.m */ = {isa = PBXFileReference; fileEncoding = 4; lastKnownFileType = sourcecode.c.objc; path = ASTReduceSpec.m; sourceTree = "<group>"; };
		546B5FED176346AE00AE3EBC /* ASTPartialSpec.m */ = {isa = PBXFileReference; fileEncoding = 4; lastKnownFileType = sourcecode.c.objc; path = ASTPartialSpec.m; sourceTree = "<group>"; };
		549B7262175CFE6700E6A378 /* ASTReject.h */ = {isa = PBXFileReference; fileEncoding = 4; lastKnownFileType = sourcecode.c.h; path = ASTReject.h; sourceTree = "<group>"; };
		549B7263175CFE6700E6A378 /* ASTReject.m */ = {isa = PBXFileReference; explicitFileType = sourcecode.c.objc; fileEncoding = 4; path = ASTReject.m; sourceTree = "<group>"; };
		549B7266175D07CF00E6A378 /* ASTNegate.h */ = {isa = PBXFileReference; fileEncoding = 4; lastKnownFileType = sourcecode.c.h; path = ASTNegate.h; sourceTree = "<group>"; };
		549B7267175D07CF00E6A378 /* ASTNegate.m */ = {isa = PBXFileReference; fileEncoding = 4; lastKnownFileType = sourcecode.c.objc; path = ASTNegate.m; sourceTree = "<group>"; };
		549B7269175D08E400E6A378 /* ASTRejectSpec.m */ = {isa = PBXFileReference; fileEncoding = 4; lastKnownFileType = sourcecode.c.objc; path = ASTRejectSpec.m; sourceTree = "<group>"; };
		549B726B175D097100E6A378 /* ASTNegateSpec.m */ = {isa = PBXFileReference; fileEncoding = 4; lastKnownFileType = sourcecode.c.objc; path = ASTNegateSpec.m; sourceTree = "<group>"; };
		549DFB88175E4DD2005CAD4A /* ASTGroup.h */ = {isa = PBXFileReference; fileEncoding = 4; lastKnownFileType = sourcecode.c.h; path = ASTGroup.h; sourceTree = "<group>"; };
		549DFB89175E4DD2005CAD4A /* ASTGroup.m */ = {isa = PBXFileReference; fileEncoding = 4; lastKnownFileType = sourcecode.c.objc; path = ASTGroup.m; sourceTree = "<group>"; };
		549DFB8D175E5526005CAD4A /* ASTGroupSpec.m */ = {isa = PBXFileReference; fileEncoding = 4; lastKnownFileType = sourcecode.c.objc; path = ASTGroupSpec.m; sourceTree = "<group>"; };
		54A0BB2A175E5F5C001D06E2 /* ASTMinMax.h */ = {isa = PBXFileReference; fileEncoding = 4; lastKnownFileType = sourcecode.c.h; path = ASTMinMax.h; sourceTree = "<group>"; };
		54A0BB2B175E5F5C001D06E2 /* ASTMinMax.m */ = {isa = PBXFileReference; fileEncoding = 4; lastKnownFileType = sourcecode.c.objc; path = ASTMinMax.m; sourceTree = "<group>"; };
		54A0BB2D175E647E001D06E2 /* ASTMinMaxSpec.m */ = {isa = PBXFileReference; fileEncoding = 4; lastKnownFileType = sourcecode.c.objc; path = ASTMinMaxSpec.m; sourceTree = "<group>"; };
		54A13FCC184222F900CEC841 /* ASTExtend.h */ = {isa = PBXFileReference; fileEncoding = 4; lastKnownFileType = sourcecode.c.h; path = ASTExtend.h; sourceTree = "<group>"; };
		54A13FCD184222F900CEC841 /* ASTExtend.m */ = {isa = PBXFileReference; fileEncoding = 4; lastKnownFileType = sourcecode.c.objc; path = ASTExtend.m; sourceTree = "<group>"; };
		54A13FCF1842277300CEC841 /* ASTExtendSpec.m */ = {isa = PBXFileReference; fileEncoding = 4; lastKnownFileType = sourcecode.c.objc; path = ASTExtendSpec.m; sourceTree = "<group>"; };
		54A72CBD175D0F4F00D9A05E /* ASTPluck.h */ = {isa = PBXFileReference; fileEncoding = 4; lastKnownFileType = sourcecode.c.h; path = ASTPluck.h; sourceTree = "<group>"; };
		54A72CBE175D0F4F00D9A05E /* ASTPluck.m */ = {isa = PBXFileReference; fileEncoding = 4; lastKnownFileType = sourcecode.c.objc; path = ASTPluck.m; sourceTree = "<group>"; };
		54A72CC0175D0FD400D9A05E /* ASTPluckSpec.m */ = {isa = PBXFileReference; fileEncoding = 4; lastKnownFileType = sourcecode.c.objc; path = ASTPluckSpec.m; sourceTree = "<group>"; };
		54A7FD3C175CDCCE004A7541 /* LiftTestClassA.h */ = {isa = PBXFileReference; fileEncoding = 4; lastKnownFileType = sourcecode.c.h; path = LiftTestClassA.h; sourceTree = "<group>"; };
		54A7FD3D175CDCCE004A7541 /* LiftTestClassA.m */ = {isa = PBXFileReference; fileEncoding = 4; lastKnownFileType = sourcecode.c.objc; path = LiftTestClassA.m; sourceTree = "<group>"; };
		54A7FD3F175CDCF9004A7541 /* LiftTestClassB.h */ = {isa = PBXFileReference; fileEncoding = 4; lastKnownFileType = sourcecode.c.h; path = LiftTestClassB.h; sourceTree = "<group>"; };
		54A7FD40175CDCF9004A7541 /* LiftTestClassB.m */ = {isa = PBXFileReference; fileEncoding = 4; lastKnownFileType = sourcecode.c.objc; path = LiftTestClassB.m; sourceTree = "<group>"; };
		54A7FD42175CE45D004A7541 /* ASTFilterSpec.m */ = {isa = PBXFileReference; fileEncoding = 4; lastKnownFileType = sourcecode.c.objc; path = ASTFilterSpec.m; sourceTree = "<group>"; };
		54AD1DF417AF31130001971C /* ASTEmpty.h */ = {isa = PBXFileReference; fileEncoding = 4; lastKnownFileType = sourcecode.c.h; path = ASTEmpty.h; sourceTree = "<group>"; };
		54AD1DF517AF31130001971C /* ASTEmpty.m */ = {isa = PBXFileReference; fileEncoding = 4; lastKnownFileType = sourcecode.c.objc; path = ASTEmpty.m; sourceTree = "<group>"; };
		54AD1DF717AF31FD0001971C /* ASTEmptySpec.m */ = {isa = PBXFileReference; fileEncoding = 4; lastKnownFileType = sourcecode.c.objc; path = ASTEmptySpec.m; sourceTree = "<group>"; };
		54CA8D1B1777396E001BCD9F /* ASTFindSpec.m */ = {isa = PBXFileReference; lastKnownFileType = sourcecode.c.objc; path = ASTFindSpec.m; sourceTree = "<group>"; };
		54CE84B9174D74E1006F960A /* ASTMap.h */ = {isa = PBXFileReference; fileEncoding = 4; lastKnownFileType = sourcecode.c.h; path = ASTMap.h; sourceTree = "<group>"; };
		54CE84BA174D74E1006F960A /* ASTMap.m */ = {isa = PBXFileReference; fileEncoding = 4; lastKnownFileType = sourcecode.c.objc; path = ASTMap.m; sourceTree = "<group>"; };
		54CE84BC174D78C0006F960A /* ASTMapSpec.m */ = {isa = PBXFileReference; fileEncoding = 4; lastKnownFileType = sourcecode.c.objc; path = ASTMapSpec.m; sourceTree = "<group>"; };
		54CE84BE174D839E006F960A /* ASTLift.h */ = {isa = PBXFileReference; fileEncoding = 4; lastKnownFileType = sourcecode.c.h; path = ASTLift.h; sourceTree = "<group>"; };
		54CE84BF174D839E006F960A /* ASTLift.m */ = {isa = PBXFileReference; fileEncoding = 4; lastKnownFileType = sourcecode.c.objc; path = ASTLift.m; sourceTree = "<group>"; };
		54CE84C1174D93A6006F960A /* ASTLiftSpec.m */ = {isa = PBXFileReference; fileEncoding = 4; lastKnownFileType = sourcecode.c.objc; path = ASTLiftSpec.m; sourceTree = "<group>"; };
		54D9EE651721543D00383762 /* libAsterism.a */ = {isa = PBXFileReference; explicitFileType = archive.ar; includeInIndex = 0; path = libAsterism.a; sourceTree = BUILT_PRODUCTS_DIR; };
		54D9EE681721543D00383762 /* Foundation.framework */ = {isa = PBXFileReference; lastKnownFileType = wrapper.framework; name = Foundation.framework; path = System/Library/Frameworks/Foundation.framework; sourceTree = SDKROOT; };
		54D9EE6C1721543D00383762 /* Asterism-Prefix.pch */ = {isa = PBXFileReference; lastKnownFileType = sourcecode.c.h; path = "Asterism-Prefix.pch"; sourceTree = "<group>"; };
		54D9EE6D1721543D00383762 /* Asterism.h */ = {isa = PBXFileReference; lastKnownFileType = sourcecode.c.h; path = Asterism.h; sourceTree = "<group>"; };
		54D9EE761721543D00383762 /* Specs.xctest */ = {isa = PBXFileReference; explicitFileType = wrapper.cfbundle; includeInIndex = 0; path = Specs.xctest; sourceTree = BUILT_PRODUCTS_DIR; };
		54D9EE771721543D00383762 /* SenTestingKit.framework */ = {isa = PBXFileReference; lastKnownFileType = wrapper.framework; name = SenTestingKit.framework; path = Library/Frameworks/SenTestingKit.framework; sourceTree = DEVELOPER_DIR; };
		54D9EE791721543D00383762 /* UIKit.framework */ = {isa = PBXFileReference; lastKnownFileType = wrapper.framework; name = UIKit.framework; path = Library/Frameworks/UIKit.framework; sourceTree = DEVELOPER_DIR; };
		54D9EE811721543D00383762 /* Specs-Info.plist */ = {isa = PBXFileReference; lastKnownFileType = text.plist.xml; path = "Specs-Info.plist"; sourceTree = "<group>"; };
		54D9EE831721543D00383762 /* en */ = {isa = PBXFileReference; lastKnownFileType = text.plist.strings; name = en; path = en.lproj/InfoPlist.strings; sourceTree = "<group>"; };
		54D9EE90172154F100383762 /* Specs-Prefix.pch */ = {isa = PBXFileReference; fileEncoding = 4; lastKnownFileType = sourcecode.c.h; path = "Specs-Prefix.pch"; sourceTree = "<group>"; };
		54DDBE251837EB05002EAEB3 /* ASTDefaults.h */ = {isa = PBXFileReference; fileEncoding = 4; lastKnownFileType = sourcecode.c.h; path = ASTDefaults.h; sourceTree = "<group>"; };
		54DDBE261837EB05002EAEB3 /* ASTDefaults.m */ = {isa = PBXFileReference; fileEncoding = 4; lastKnownFileType = sourcecode.c.objc; path = ASTDefaults.m; sourceTree = "<group>"; };
		54E0ED68175A0D070076C6EA /* ASTConstants.h */ = {isa = PBXFileReference; lastKnownFileType = sourcecode.c.h; path = ASTConstants.h; sourceTree = "<group>"; };
		54E0ED69175A0D5B0076C6EA /* ASTHead.h */ = {isa = PBXFileReference; fileEncoding = 4; lastKnownFileType = sourcecode.c.h; path = ASTHead.h; sourceTree = "<group>"; };
		54E0ED6A175A0D5B0076C6EA /* ASTHead.m */ = {isa = PBXFileReference; fileEncoding = 4; lastKnownFileType = sourcecode.c.objc; path = ASTHead.m; sourceTree = "<group>"; };
		54E0ED6C175A0DF00076C6EA /* ASTHeadSpec.m */ = {isa = PBXFileReference; fileEncoding = 4; lastKnownFileType = sourcecode.c.objc; path = ASTHeadSpec.m; sourceTree = "<group>"; };
		54E0ED6E175A0FAC0076C6EA /* ASTTail.h */ = {isa = PBXFileReference; fileEncoding = 4; lastKnownFileType = sourcecode.c.h; path = ASTTail.h; sourceTree = "<group>"; };
		54E0ED6F175A0FAC0076C6EA /* ASTTail.m */ = {isa = PBXFileReference; fileEncoding = 4; lastKnownFileType = sourcecode.c.objc; path = ASTTail.m; sourceTree = "<group>"; };
		54E0ED71175A146B0076C6EA /* ASTTailSpec.m */ = {isa = PBXFileReference; fileEncoding = 4; lastKnownFileType = sourcecode.c.objc; path = ASTTailSpec.m; sourceTree = "<group>"; };
		54E0ED73175A1ABD0076C6EA /* ASTFilter.h */ = {isa = PBXFileReference; fileEncoding = 4; lastKnownFileType = sourcecode.c.h; path = ASTFilter.h; sourceTree = "<group>"; };
		54E0ED74175A1ABD0076C6EA /* ASTFilter.m */ = {isa = PBXFileReference; fileEncoding = 4; lastKnownFileType = sourcecode.c.objc; path = ASTFilter.m; sourceTree = "<group>"; };
		54E1B64617215678008A2175 /* ASTEach.h */ = {isa = PBXFileReference; fileEncoding = 4; lastKnownFileType = sourcecode.c.h; path = ASTEach.h; sourceTree = "<group>"; };
		54E1B64717215678008A2175 /* ASTEach.m */ = {isa = PBXFileReference; fileEncoding = 4; lastKnownFileType = sourcecode.c.objc; path = ASTEach.m; sourceTree = "<group>"; };
		54E1B64917215783008A2175 /* ASTEachSpec.m */ = {isa = PBXFileReference; fileEncoding = 4; lastKnownFileType = sourcecode.c.objc; path = ASTEachSpec.m; sourceTree = "<group>"; };
		54FE96DC17704C7F006F40AC /* ASTDifference.h */ = {isa = PBXFileReference; fileEncoding = 4; lastKnownFileType = sourcecode.c.h; path = ASTDifference.h; sourceTree = "<group>"; };
		54FE96DD17704C7F006F40AC /* ASTDifference.m */ = {isa = PBXFileReference; fileEncoding = 4; lastKnownFileType = sourcecode.c.objc; path = ASTDifference.m; sourceTree = "<group>"; };
		54FE96DF17704FF7006F40AC /* ASTDifferenceSpec.m */ = {isa = PBXFileReference; fileEncoding = 4; lastKnownFileType = sourcecode.c.objc; path = ASTDifferenceSpec.m; sourceTree = "<group>"; };
		54FE96E1177053FE006F40AC /* ASTUnion.h */ = {isa = PBXFileReference; fileEncoding = 4; lastKnownFileType = sourcecode.c.h; path = ASTUnion.h; sourceTree = "<group>"; };
		54FE96E2177053FE006F40AC /* ASTUnion.m */ = {isa = PBXFileReference; fileEncoding = 4; lastKnownFileType = sourcecode.c.objc; path = ASTUnion.m; sourceTree = "<group>"; };
		54FE96E417705560006F40AC /* ASTUnionSpec.m */ = {isa = PBXFileReference; fileEncoding = 4; lastKnownFileType = sourcecode.c.objc; path = ASTUnionSpec.m; sourceTree = "<group>"; };
		54FE96EB17706265006F40AC /* ASTIntersection.h */ = {isa = PBXFileReference; fileEncoding = 4; lastKnownFileType = sourcecode.c.h; path = ASTIntersection.h; sourceTree = "<group>"; };
		54FE96EC17706265006F40AC /* ASTIntersection.m */ = {isa = PBXFileReference; fileEncoding = 4; lastKnownFileType = sourcecode.c.objc; path = ASTIntersection.m; sourceTree = "<group>"; };
		54FE96EE177068B2006F40AC /* ASTIntersectionSpec.m */ = {isa = PBXFileReference; fileEncoding = 4; lastKnownFileType = sourcecode.c.objc; path = ASTIntersectionSpec.m; sourceTree = "<group>"; };
		6F8F6BC620F04200B843D72F /* Pods-Specs.xcconfig */ = {isa = PBXFileReference; includeInIndex = 1; lastKnownFileType = text.xcconfig; name = "Pods-Specs.xcconfig"; path = "Pods/Pods-Specs.xcconfig"; sourceTree = SOURCE_ROOT; };
		B82A91E23E8448D2861527C1 /* libPods-Specs.a */ = {isa = PBXFileReference; explicitFileType = archive.ar; includeInIndex = 0; path = "libPods-Specs.a"; sourceTree = BUILT_PRODUCTS_DIR; };
		DCF5756C18427BE900F0989B /* ASTFlatten.h */ = {isa = PBXFileReference; fileEncoding = 4; lastKnownFileType = sourcecode.c.h; path = ASTFlatten.h; sourceTree = "<group>"; };
		DCF5756D18427BE900F0989B /* ASTFlatten.m */ = {isa = PBXFileReference; fileEncoding = 4; lastKnownFileType = sourcecode.c.objc; path = ASTFlatten.m; sourceTree = "<group>"; };
		DCF5757018427F5200F0989B /* ASTFlattenSpec.m */ = {isa = PBXFileReference; fileEncoding = 4; lastKnownFileType = sourcecode.c.objc; path = ASTFlattenSpec.m; sourceTree = "<group>"; };
/* End PBXFileReference section */

/* Begin PBXFrameworksBuildPhase section */
		54D9EE621721543D00383762 /* Frameworks */ = {
			isa = PBXFrameworksBuildPhase;
			buildActionMask = 2147483647;
			files = (
				54D9EE691721543D00383762 /* Foundation.framework in Frameworks */,
			);
			runOnlyForDeploymentPostprocessing = 0;
		};
		54D9EE721721543D00383762 /* Frameworks */ = {
			isa = PBXFrameworksBuildPhase;
			buildActionMask = 2147483647;
			files = (
				54D9EE781721543D00383762 /* SenTestingKit.framework in Frameworks */,
				54D9EE7A1721543D00383762 /* UIKit.framework in Frameworks */,
				54D9EE7B1721543D00383762 /* Foundation.framework in Frameworks */,
				54D9EE7E1721543D00383762 /* libAsterism.a in Frameworks */,
				6DA0E311E2FE4D0091F50B0D /* libPods-Specs.a in Frameworks */,
			);
			runOnlyForDeploymentPostprocessing = 0;
		};
/* End PBXFrameworksBuildPhase section */

/* Begin PBXGroup section */
		54D9EE5C1721543D00383762 = {
			isa = PBXGroup;
			children = (
				54D9EE6A1721543D00383762 /* Asterism */,
				54D9EE7F1721543D00383762 /* Specs */,
				54D9EE671721543D00383762 /* Frameworks */,
				54D9EE661721543D00383762 /* Products */,
				6F8F6BC620F04200B843D72F /* Pods-Specs.xcconfig */,
			);
			sourceTree = "<group>";
		};
		54D9EE661721543D00383762 /* Products */ = {
			isa = PBXGroup;
			children = (
				54D9EE651721543D00383762 /* libAsterism.a */,
				54D9EE761721543D00383762 /* Specs.xctest */,
			);
			name = Products;
			sourceTree = "<group>";
		};
		54D9EE671721543D00383762 /* Frameworks */ = {
			isa = PBXGroup;
			children = (
				54D9EE681721543D00383762 /* Foundation.framework */,
				54D9EE771721543D00383762 /* SenTestingKit.framework */,
				54D9EE791721543D00383762 /* UIKit.framework */,
				B82A91E23E8448D2861527C1 /* libPods-Specs.a */,
			);
			name = Frameworks;
			sourceTree = "<group>";
		};
		54D9EE6A1721543D00383762 /* Asterism */ = {
			isa = PBXGroup;
			children = (
				54D9EE6D1721543D00383762 /* Asterism.h */,
				54E0ED68175A0D070076C6EA /* ASTConstants.h */,
				54DDBE251837EB05002EAEB3 /* ASTDefaults.h */,
				54DDBE261837EB05002EAEB3 /* ASTDefaults.m */,
				54FE96DC17704C7F006F40AC /* ASTDifference.h */,
				54FE96DD17704C7F006F40AC /* ASTDifference.m */,
				54E1B64617215678008A2175 /* ASTEach.h */,
				54E1B64717215678008A2175 /* ASTEach.m */,
				54AD1DF417AF31130001971C /* ASTEmpty.h */,
				54AD1DF517AF31130001971C /* ASTEmpty.m */,
				54A13FCC184222F900CEC841 /* ASTExtend.h */,
				54A13FCD184222F900CEC841 /* ASTExtend.m */,
				54E0ED73175A1ABD0076C6EA /* ASTFilter.h */,
				54E0ED74175A1ABD0076C6EA /* ASTFilter.m */,
				5410F3EC177734E700124E45 /* ASTFind.h */,
				5410F3ED177734E700124E45 /* ASTFind.m */,
				DCF5756C18427BE900F0989B /* ASTFlatten.h */,
				DCF5756D18427BE900F0989B /* ASTFlatten.m */,
				549DFB88175E4DD2005CAD4A /* ASTGroup.h */,
				549DFB89175E4DD2005CAD4A /* ASTGroup.m */,
				54E0ED69175A0D5B0076C6EA /* ASTHead.h */,
				54E0ED6A175A0D5B0076C6EA /* ASTHead.m */,
				54FE96EB17706265006F40AC /* ASTIntersection.h */,
				54FE96EC17706265006F40AC /* ASTIntersection.m */,
				54CE84BE174D839E006F960A /* ASTLift.h */,
				54CE84BF174D839E006F960A /* ASTLift.m */,
				54CE84B9174D74E1006F960A /* ASTMap.h */,
				54CE84BA174D74E1006F960A /* ASTMap.m */,
				54A0BB2A175E5F5C001D06E2 /* ASTMinMax.h */,
				54A0BB2B175E5F5C001D06E2 /* ASTMinMax.m */,
				549B7266175D07CF00E6A378 /* ASTNegate.h */,
				549B7267175D07CF00E6A378 /* ASTNegate.m */,
				357F33ED9E93F83753910F7F /* ASTPartial.h */,
				357F3336A1371659B3130FB0 /* ASTPartial.m */,
				54A72CBD175D0F4F00D9A05E /* ASTPluck.h */,
				54A72CBE175D0F4F00D9A05E /* ASTPluck.m */,
				542C1CB617520F560013D41E /* ASTReduce.h */,
				542C1CB717520F560013D41E /* ASTReduce.m */,
				549B7262175CFE6700E6A378 /* ASTReject.h */,
				549B7263175CFE6700E6A378 /* ASTReject.m */,
				54E0ED6E175A0FAC0076C6EA /* ASTTail.h */,
				54E0ED6F175A0FAC0076C6EA /* ASTTail.m */,
				54FE96E1177053FE006F40AC /* ASTUnion.h */,
				54FE96E2177053FE006F40AC /* ASTUnion.m */,
				542C1CB517514FE00013D41E /* metamacros.h */,
				54D9EE6B1721543D00383762 /* Supporting Files */,
			);
			path = Asterism;
			sourceTree = "<group>";
		};
		54D9EE6B1721543D00383762 /* Supporting Files */ = {
			isa = PBXGroup;
			children = (
				54D9EE6C1721543D00383762 /* Asterism-Prefix.pch */,
			);
			name = "Supporting Files";
			sourceTree = "<group>";
		};
		54D9EE7F1721543D00383762 /* Specs */ = {
			isa = PBXGroup;
			children = (
				5424E956183D80E800E4EC51 /* ASTDefaultsSpec.m */,
				54FE96DF17704FF7006F40AC /* ASTDifferenceSpec.m */,
				54E1B64917215783008A2175 /* ASTEachSpec.m */,
				54AD1DF717AF31FD0001971C /* ASTEmptySpec.m */,
				54A13FCF1842277300CEC841 /* ASTExtendSpec.m */,
				54A7FD42175CE45D004A7541 /* ASTFilterSpec.m */,
				54CA8D1B1777396E001BCD9F /* ASTFindSpec.m */,
				DCF5757018427F5200F0989B /* ASTFlattenSpec.m */,
				549DFB8D175E5526005CAD4A /* ASTGroupSpec.m */,
				54E0ED6C175A0DF00076C6EA /* ASTHeadSpec.m */,
				54FE96EE177068B2006F40AC /* ASTIntersectionSpec.m */,
				54CE84C1174D93A6006F960A /* ASTLiftSpec.m */,
				54CE84BC174D78C0006F960A /* ASTMapSpec.m */,
				54A0BB2D175E647E001D06E2 /* ASTMinMaxSpec.m */,
				549B726B175D097100E6A378 /* ASTNegateSpec.m */,
				546B5FED176346AE00AE3EBC /* ASTPartialSpec.m */,
				54A72CC0175D0FD400D9A05E /* ASTPluckSpec.m */,
				542C1CB9175214B90013D41E /* ASTReduceSpec.m */,
				549B7269175D08E400E6A378 /* ASTRejectSpec.m */,
				54E0ED71175A146B0076C6EA /* ASTTailSpec.m */,
				54FE96E417705560006F40AC /* ASTUnionSpec.m */,
				54D9EE801721543D00383762 /* Supporting Files */,
			);
			path = Specs;
			sourceTree = "<group>";
		};
		54D9EE801721543D00383762 /* Supporting Files */ = {
			isa = PBXGroup;
			children = (
				54D9EE90172154F100383762 /* Specs-Prefix.pch */,
				54D9EE811721543D00383762 /* Specs-Info.plist */,
				54D9EE821721543D00383762 /* InfoPlist.strings */,
				54A7FD3C175CDCCE004A7541 /* LiftTestClassA.h */,
				54A7FD3D175CDCCE004A7541 /* LiftTestClassA.m */,
				54A7FD3F175CDCF9004A7541 /* LiftTestClassB.h */,
				54A7FD40175CDCF9004A7541 /* LiftTestClassB.m */,
			);
			name = "Supporting Files";
			sourceTree = "<group>";
		};
/* End PBXGroup section */

/* Begin PBXNativeTarget section */
		54D9EE641721543D00383762 /* Asterism */ = {
			isa = PBXNativeTarget;
			buildConfigurationList = 54D9EE8A1721543D00383762 /* Build configuration list for PBXNativeTarget "Asterism" */;
			buildPhases = (
				54D9EE611721543D00383762 /* Sources */,
				54D9EE621721543D00383762 /* Frameworks */,
				54D9EE631721543D00383762 /* CopyFiles */,
			);
			buildRules = (
			);
			dependencies = (
			);
			name = Asterism;
			productName = Asterism;
			productReference = 54D9EE651721543D00383762 /* libAsterism.a */;
			productType = "com.apple.product-type.library.static";
		};
		54D9EE751721543D00383762 /* Specs */ = {
			isa = PBXNativeTarget;
			buildConfigurationList = 54D9EE8D1721543D00383762 /* Build configuration list for PBXNativeTarget "Specs" */;
			buildPhases = (
				302D19055F2847AD846DF75B /* Check Pods Manifest.lock */,
				54D9EE711721543D00383762 /* Sources */,
				54D9EE721721543D00383762 /* Frameworks */,
				54D9EE731721543D00383762 /* Resources */,
				54D9EE741721543D00383762 /* ShellScript */,
				2B90501D9A4543D4B3E3BFF0 /* Copy Pods Resources */,
			);
			buildRules = (
			);
			dependencies = (
				54D9EE7D1721543D00383762 /* PBXTargetDependency */,
			);
			name = Specs;
			productName = Specs;
			productReference = 54D9EE761721543D00383762 /* Specs.xctest */;
			productType = "com.apple.product-type.bundle";
		};
/* End PBXNativeTarget section */

/* Begin PBXProject section */
		54D9EE5D1721543D00383762 /* Project object */ = {
			isa = PBXProject;
			attributes = {
				CLASSPREFIX = AST;
				LastUpgradeCheck = 0460;
				ORGANIZATIONNAME = "Robert Böhnke";
			};
			buildConfigurationList = 54D9EE601721543D00383762 /* Build configuration list for PBXProject "Asterism" */;
			compatibilityVersion = "Xcode 3.2";
			developmentRegion = English;
			hasScannedForEncodings = 0;
			knownRegions = (
				en,
			);
			mainGroup = 54D9EE5C1721543D00383762;
			productRefGroup = 54D9EE661721543D00383762 /* Products */;
			projectDirPath = "";
			projectRoot = "";
			targets = (
				54D9EE641721543D00383762 /* Asterism */,
				54D9EE751721543D00383762 /* Specs */,
			);
		};
/* End PBXProject section */

/* Begin PBXResourcesBuildPhase section */
		54D9EE731721543D00383762 /* Resources */ = {
			isa = PBXResourcesBuildPhase;
			buildActionMask = 2147483647;
			files = (
				54D9EE841721543D00383762 /* InfoPlist.strings in Resources */,
			);
			runOnlyForDeploymentPostprocessing = 0;
		};
/* End PBXResourcesBuildPhase section */

/* Begin PBXShellScriptBuildPhase section */
		2B90501D9A4543D4B3E3BFF0 /* Copy Pods Resources */ = {
			isa = PBXShellScriptBuildPhase;
			buildActionMask = 2147483647;
			files = (
			);
			inputPaths = (
			);
			name = "Copy Pods Resources";
			outputPaths = (
			);
			runOnlyForDeploymentPostprocessing = 0;
			shellPath = /bin/sh;
			shellScript = "\"${SRCROOT}/Pods/Pods-Specs-resources.sh\"\n";
		};
		302D19055F2847AD846DF75B /* Check Pods Manifest.lock */ = {
			isa = PBXShellScriptBuildPhase;
			buildActionMask = 2147483647;
			files = (
			);
			inputPaths = (
			);
			name = "Check Pods Manifest.lock";
			outputPaths = (
			);
			runOnlyForDeploymentPostprocessing = 0;
			shellPath = /bin/sh;
			shellScript = "diff \"${PODS_ROOT}/../Podfile.lock\" \"${PODS_ROOT}/Manifest.lock\" > /dev/null\nif [[ $? != 0 ]] ; then\n    cat << EOM\nerror: The sanbox is not in sync with the Podfile.lock. Run 'pod install'.\nEOM\n    exit 1\nfi\n";
		};
		54D9EE741721543D00383762 /* ShellScript */ = {
			isa = PBXShellScriptBuildPhase;
			buildActionMask = 2147483647;
			files = (
			);
			inputPaths = (
			);
			outputPaths = (
			);
			runOnlyForDeploymentPostprocessing = 0;
			shellPath = /bin/sh;
			shellScript = "# Run the unit tests in this test bundle.\n\"${SYSTEM_DEVELOPER_DIR}/Tools/RunUnitTests\"\n";
		};
/* End PBXShellScriptBuildPhase section */

/* Begin PBXSourcesBuildPhase section */
		54D9EE611721543D00383762 /* Sources */ = {
			isa = PBXSourcesBuildPhase;
			buildActionMask = 2147483647;
			files = (
				54E1B64817215678008A2175 /* ASTEach.m in Sources */,
				54CE84BB174D74E1006F960A /* ASTMap.m in Sources */,
				542C1CB817520F560013D41E /* ASTReduce.m in Sources */,
				54E0ED6B175A0D5B0076C6EA /* ASTHead.m in Sources */,
				54E0ED70175A0FAC0076C6EA /* ASTTail.m in Sources */,
				DCF5756E18427BE900F0989B /* ASTFlatten.m in Sources */,
				54E0ED75175A1ABD0076C6EA /* ASTFilter.m in Sources */,
				54A13FCE184222F900CEC841 /* ASTExtend.m in Sources */,
				549B7264175CFE6700E6A378 /* ASTReject.m in Sources */,
				549B7268175D07CF00E6A378 /* ASTNegate.m in Sources */,
				54A72CBF175D0F5000D9A05E /* ASTPluck.m in Sources */,
				5410F3EE1777362500124E45 /* ASTFind.m in Sources */,
				549DFB8A175E4DD2005CAD4A /* ASTGroup.m in Sources */,
				54A0BB2C175E5F5C001D06E2 /* ASTMinMax.m in Sources */,
				54DDBE271837EB05002EAEB3 /* ASTDefaults.m in Sources */,
				54CE84C0174D839E006F960A /* ASTLift.m in Sources */,
				54CE84C0174D839E006F960A /* ASTLift.m in Sources */,
				357F376323C41EF675D2B956 /* ASTPartial.m in Sources */,
				54FE96DE17704C7F006F40AC /* ASTDifference.m in Sources */,
				54FE96E3177053FE006F40AC /* ASTUnion.m in Sources */,
				54FE96ED17706265006F40AC /* ASTIntersection.m in Sources */,
				54AD1DF617AF31130001971C /* ASTEmpty.m in Sources */,
			);
			runOnlyForDeploymentPostprocessing = 0;
		};
		54D9EE711721543D00383762 /* Sources */ = {
			isa = PBXSourcesBuildPhase;
			buildActionMask = 2147483647;
			files = (
				54E1B64A17215783008A2175 /* ASTEachSpec.m in Sources */,
				54CE84BD174D78C0006F960A /* ASTMapSpec.m in Sources */,
				542C1CBA175214B90013D41E /* ASTReduceSpec.m in Sources */,
				54E0ED6D175A0DF00076C6EA /* ASTHeadSpec.m in Sources */,
				54E0ED72175A146B0076C6EA /* ASTTailSpec.m in Sources */,
				54A13FD01842277300CEC841 /* ASTExtendSpec.m in Sources */,
				54A7FD43175CE45D004A7541 /* ASTFilterSpec.m in Sources */,
				549B726A175D08E400E6A378 /* ASTRejectSpec.m in Sources */,
				DCF5757118427F5200F0989B /* ASTFlattenSpec.m in Sources */,
				5424E957183D80E800E4EC51 /* ASTDefaultsSpec.m in Sources */,
				549B726C175D097100E6A378 /* ASTNegateSpec.m in Sources */,
				54A72CC1175D0FD500D9A05E /* ASTPluckSpec.m in Sources */,
				549DFB8E175E5526005CAD4A /* ASTGroupSpec.m in Sources */,
				54A0BB2E175E647E001D06E2 /* ASTMinMaxSpec.m in Sources */,
				54CA8D1C177739B8001BCD9F /* ASTFindSpec.m in Sources */,
				54CE84C2174D93A6006F960A /* ASTLiftSpec.m in Sources */,
				54A7FD3E175CDCCE004A7541 /* LiftTestClassA.m in Sources */,
				54A7FD41175CDCF9004A7541 /* LiftTestClassB.m in Sources */,
				546B5FEE176346AE00AE3EBC /* ASTPartialSpec.m in Sources */,
				54FE96E017704FF7006F40AC /* ASTDifferenceSpec.m in Sources */,
				54FE96E517705560006F40AC /* ASTUnionSpec.m in Sources */,
				54FE96EF177068B2006F40AC /* ASTIntersectionSpec.m in Sources */,
				54AD1DF817AF31FD0001971C /* ASTEmptySpec.m in Sources */,
			);
			runOnlyForDeploymentPostprocessing = 0;
		};
/* End PBXSourcesBuildPhase section */

/* Begin PBXTargetDependency section */
		54D9EE7D1721543D00383762 /* PBXTargetDependency */ = {
			isa = PBXTargetDependency;
			target = 54D9EE641721543D00383762 /* Asterism */;
			targetProxy = 54D9EE7C1721543D00383762 /* PBXContainerItemProxy */;
		};
/* End PBXTargetDependency section */

/* Begin PBXVariantGroup section */
		54D9EE821721543D00383762 /* InfoPlist.strings */ = {
			isa = PBXVariantGroup;
			children = (
				54D9EE831721543D00383762 /* en */,
			);
			name = InfoPlist.strings;
			sourceTree = "<group>";
		};
/* End PBXVariantGroup section */

/* Begin XCBuildConfiguration section */
		54D9EE881721543D00383762 /* Debug */ = {
			isa = XCBuildConfiguration;
			buildSettings = {
				ALWAYS_SEARCH_USER_PATHS = NO;
				CLANG_CXX_LANGUAGE_STANDARD = "gnu++0x";
				CLANG_CXX_LIBRARY = "libc++";
				CLANG_ENABLE_OBJC_ARC = YES;
				CLANG_WARN_CONSTANT_CONVERSION = YES;
				CLANG_WARN_EMPTY_BODY = YES;
				CLANG_WARN_ENUM_CONVERSION = YES;
				CLANG_WARN_INT_CONVERSION = YES;
				CLANG_WARN__DUPLICATE_METHOD_MATCH = YES;
				COPY_PHASE_STRIP = NO;
				GCC_C_LANGUAGE_STANDARD = gnu99;
				GCC_DYNAMIC_NO_PIC = NO;
				GCC_OPTIMIZATION_LEVEL = 0;
				GCC_PREPROCESSOR_DEFINITIONS = (
					"DEBUG=1",
					"$(inherited)",
				);
				GCC_SYMBOLS_PRIVATE_EXTERN = NO;
				GCC_WARN_ABOUT_RETURN_TYPE = YES;
				GCC_WARN_UNINITIALIZED_AUTOS = YES;
				GCC_WARN_UNUSED_VARIABLE = YES;
				IPHONEOS_DEPLOYMENT_TARGET = 5.0;
				ONLY_ACTIVE_ARCH = YES;
				SDKROOT = iphoneos;
			};
			name = Debug;
		};
		54D9EE891721543D00383762 /* Release */ = {
			isa = XCBuildConfiguration;
			buildSettings = {
				ALWAYS_SEARCH_USER_PATHS = NO;
				CLANG_CXX_LANGUAGE_STANDARD = "gnu++0x";
				CLANG_CXX_LIBRARY = "libc++";
				CLANG_ENABLE_OBJC_ARC = YES;
				CLANG_WARN_CONSTANT_CONVERSION = YES;
				CLANG_WARN_EMPTY_BODY = YES;
				CLANG_WARN_ENUM_CONVERSION = YES;
				CLANG_WARN_INT_CONVERSION = YES;
				CLANG_WARN__DUPLICATE_METHOD_MATCH = YES;
				COPY_PHASE_STRIP = YES;
				GCC_C_LANGUAGE_STANDARD = gnu99;
				GCC_WARN_ABOUT_RETURN_TYPE = YES;
				GCC_WARN_UNINITIALIZED_AUTOS = YES;
				GCC_WARN_UNUSED_VARIABLE = YES;
				IPHONEOS_DEPLOYMENT_TARGET = 5.0;
				SDKROOT = iphoneos;
				VALIDATE_PRODUCT = YES;
			};
			name = Release;
		};
		54D9EE8B1721543D00383762 /* Debug */ = {
			isa = XCBuildConfiguration;
			buildSettings = {
				DSTROOT = /tmp/Asterism.dst;
				GCC_PRECOMPILE_PREFIX_HEADER = YES;
				GCC_PREFIX_HEADER = "Asterism/Asterism-Prefix.pch";
				OTHER_LDFLAGS = "-ObjC";
				PRODUCT_NAME = "$(TARGET_NAME)";
				SKIP_INSTALL = YES;
			};
			name = Debug;
		};
		54D9EE8C1721543D00383762 /* Release */ = {
			isa = XCBuildConfiguration;
			buildSettings = {
				DSTROOT = /tmp/Asterism.dst;
				GCC_PRECOMPILE_PREFIX_HEADER = YES;
				GCC_PREFIX_HEADER = "Asterism/Asterism-Prefix.pch";
				OTHER_LDFLAGS = "-ObjC";
				PRODUCT_NAME = "$(TARGET_NAME)";
				SKIP_INSTALL = YES;
			};
			name = Release;
		};
		54D9EE8E1721543D00383762 /* Debug */ = {
			isa = XCBuildConfiguration;
			baseConfigurationReference = 6F8F6BC620F04200B843D72F /* Pods-Specs.xcconfig */;
			buildSettings = {
				GCC_PRECOMPILE_PREFIX_HEADER = YES;
				GCC_PREFIX_HEADER = "Specs/Specs-Prefix.pch";
				INFOPLIST_FILE = "Specs/Specs-Info.plist";
				PRODUCT_NAME = "$(TARGET_NAME)";
				WRAPPER_EXTENSION = xctest;
			};
			name = Debug;
		};
		54D9EE8F1721543D00383762 /* Release */ = {
			isa = XCBuildConfiguration;
			baseConfigurationReference = 6F8F6BC620F04200B843D72F /* Pods-Specs.xcconfig */;
			buildSettings = {
				GCC_PRECOMPILE_PREFIX_HEADER = YES;
				GCC_PREFIX_HEADER = "Specs/Specs-Prefix.pch";
				INFOPLIST_FILE = "Specs/Specs-Info.plist";
				PRODUCT_NAME = "$(TARGET_NAME)";
				WRAPPER_EXTENSION = xctest;
			};
			name = Release;
		};
/* End XCBuildConfiguration section */

/* Begin XCConfigurationList section */
		54D9EE601721543D00383762 /* Build configuration list for PBXProject "Asterism" */ = {
			isa = XCConfigurationList;
			buildConfigurations = (
				54D9EE881721543D00383762 /* Debug */,
				54D9EE891721543D00383762 /* Release */,
			);
			defaultConfigurationIsVisible = 0;
			defaultConfigurationName = Release;
		};
		54D9EE8A1721543D00383762 /* Build configuration list for PBXNativeTarget "Asterism" */ = {
			isa = XCConfigurationList;
			buildConfigurations = (
				54D9EE8B1721543D00383762 /* Debug */,
				54D9EE8C1721543D00383762 /* Release */,
			);
			defaultConfigurationIsVisible = 0;
			defaultConfigurationName = Release;
		};
		54D9EE8D1721543D00383762 /* Build configuration list for PBXNativeTarget "Specs" */ = {
			isa = XCConfigurationList;
			buildConfigurations = (
				54D9EE8E1721543D00383762 /* Debug */,
				54D9EE8F1721543D00383762 /* Release */,
			);
			defaultConfigurationIsVisible = 0;
			defaultConfigurationName = Release;
		};
/* End XCConfigurationList section */
	};
	rootObject = 54D9EE5D1721543D00383762 /* Project object */;
}
